// !$*UTF8*$!
{
	archiveVersion = 1;
	classes = {
	};
	objectVersion = 46;
	objects = {

/* Begin PBXBuildFile section */
		01EAA0E8E7444C779A44769A /* OpenSans-Italic.ttf in Resources */ = {isa = PBXBuildFile; fileRef = 4FB7E5E1464C4A29B912C84B /* OpenSans-Italic.ttf */; };
		0B81046D659C418389906ED1 /* FiraSans-MediumItalic.ttf in Resources */ = {isa = PBXBuildFile; fileRef = 0329C21CE54D413089641543 /* FiraSans-MediumItalic.ttf */; };
		13B07FBC1A68108700A75B9A /* AppDelegate.m in Sources */ = {isa = PBXBuildFile; fileRef = 13B07FB01A68108700A75B9A /* AppDelegate.m */; };
		13B07FBD1A68108700A75B9A /* LaunchScreen.xib in Resources */ = {isa = PBXBuildFile; fileRef = 13B07FB11A68108700A75B9A /* LaunchScreen.xib */; };
		13B07FBF1A68108700A75B9A /* Images.xcassets in Resources */ = {isa = PBXBuildFile; fileRef = 13B07FB51A68108700A75B9A /* Images.xcassets */; };
		13B07FC11A68108700A75B9A /* main.m in Sources */ = {isa = PBXBuildFile; fileRef = 13B07FB71A68108700A75B9A /* main.m */; };
		167C15C73DC24DCCBD4D46C1 /* OpenSans-Regular.ttf in Resources */ = {isa = PBXBuildFile; fileRef = 340715C7D2234FB3BA9916F6 /* OpenSans-Regular.ttf */; };
		16E407DACEBC8D45A2F31672 /* libPods-HEXA.a in Frameworks */ = {isa = PBXBuildFile; fileRef = 351443CB6B3D0E6F84CD03F8 /* libPods-HEXA.a */; };
		1B14D77171054F41A1AF0762 /* OpenSans-LightItalic.ttf in Resources */ = {isa = PBXBuildFile; fileRef = 60D8EB5CBDCD47B7BCCBD0CC /* OpenSans-LightItalic.ttf */; };
		4595A0400FF343068FAA37B1 /* FiraSans-BookItalic.ttf in Resources */ = {isa = PBXBuildFile; fileRef = AE2AF0FF633843D4A32A3525 /* FiraSans-BookItalic.ttf */; };
		4D437D4F2440796600A43169 /* AppDelegate.m in Sources */ = {isa = PBXBuildFile; fileRef = 13B07FB01A68108700A75B9A /* AppDelegate.m */; };
		4D437D502440796600A43169 /* PdfGenerate.swift in Sources */ = {isa = PBXBuildFile; fileRef = 8B9A0F2823AB4F3F00E80325 /* PdfGenerate.swift */; };
		4D437D512440796600A43169 /* PdfPassword.m in Sources */ = {isa = PBXBuildFile; fileRef = 58C9D94B238CF52100111659 /* PdfPassword.m */; };
		4D437D522440796600A43169 /* main.m in Sources */ = {isa = PBXBuildFile; fileRef = 13B07FB71A68108700A75B9A /* main.m */; };
		4D437D542440796600A43169 /* CloudKit.framework in Frameworks */ = {isa = PBXBuildFile; fileRef = 8B6E59A623C70042002F9CFC /* CloudKit.framework */; };
		4D437D572440796600A43169 /* Images.xcassets in Resources */ = {isa = PBXBuildFile; fileRef = 13B07FB51A68108700A75B9A /* Images.xcassets */; };
		4D437D582440796600A43169 /* LaunchScreen.xib in Resources */ = {isa = PBXBuildFile; fileRef = 13B07FB11A68108700A75B9A /* LaunchScreen.xib */; };
		4D437D592440796600A43169 /* FiraSans-Bold.ttf in Resources */ = {isa = PBXBuildFile; fileRef = 5058E4CA8421493CB58EF2D7 /* FiraSans-Bold.ttf */; };
		4D437D5A2440796600A43169 /* FiraSans-BookItalic.ttf in Resources */ = {isa = PBXBuildFile; fileRef = AE2AF0FF633843D4A32A3525 /* FiraSans-BookItalic.ttf */; };
		4D437D5B2440796600A43169 /* FiraSans-Italic.ttf in Resources */ = {isa = PBXBuildFile; fileRef = F2A9765A861B43DD82371F49 /* FiraSans-Italic.ttf */; };
		4D437D5C2440796600A43169 /* FiraSans-Medium.ttf in Resources */ = {isa = PBXBuildFile; fileRef = 64120BA926AA4A109016FF90 /* FiraSans-Medium.ttf */; };
		4D437D5D2440796600A43169 /* FiraSans-MediumItalic.ttf in Resources */ = {isa = PBXBuildFile; fileRef = 0329C21CE54D413089641543 /* FiraSans-MediumItalic.ttf */; };
		4D437D5E2440796600A43169 /* FiraSans-Regular.ttf in Resources */ = {isa = PBXBuildFile; fileRef = F5912C0B72794236AAB85774 /* FiraSans-Regular.ttf */; };
		4D437D5F2440796600A43169 /* FiraSans-SemiBold.ttf in Resources */ = {isa = PBXBuildFile; fileRef = 074A53823B4542088F1A334F /* FiraSans-SemiBold.ttf */; };
		4D437D602440796600A43169 /* OpenSans-Bold.ttf in Resources */ = {isa = PBXBuildFile; fileRef = 0B2239255C294279969D8F06 /* OpenSans-Bold.ttf */; };
		4D437D612440796600A43169 /* OpenSans-BoldItalic.ttf in Resources */ = {isa = PBXBuildFile; fileRef = 2FB9F98AA281430D89E114A8 /* OpenSans-BoldItalic.ttf */; };
		4D437D622440796600A43169 /* OpenSans-ExtraBold.ttf in Resources */ = {isa = PBXBuildFile; fileRef = B5A1406E4C85431881D3C328 /* OpenSans-ExtraBold.ttf */; };
		4D437D632440796600A43169 /* OpenSans-Italic.ttf in Resources */ = {isa = PBXBuildFile; fileRef = 4FB7E5E1464C4A29B912C84B /* OpenSans-Italic.ttf */; };
		4D437D642440796600A43169 /* OpenSans-Light.ttf in Resources */ = {isa = PBXBuildFile; fileRef = 65988274BA62488F8301AA33 /* OpenSans-Light.ttf */; };
		4D437D652440796600A43169 /* OpenSans-LightItalic.ttf in Resources */ = {isa = PBXBuildFile; fileRef = 60D8EB5CBDCD47B7BCCBD0CC /* OpenSans-LightItalic.ttf */; };
		4D437D662440796600A43169 /* OpenSans-Regular.ttf in Resources */ = {isa = PBXBuildFile; fileRef = 340715C7D2234FB3BA9916F6 /* OpenSans-Regular.ttf */; };
		4D437D672440796600A43169 /* OpenSans-Semibold.ttf in Resources */ = {isa = PBXBuildFile; fileRef = AD117402FDBC444293748DFA /* OpenSans-Semibold.ttf */; };
		4D437D682440796600A43169 /* OpenSans-SemiboldItalic.ttf in Resources */ = {isa = PBXBuildFile; fileRef = A3E9C53E8CAF4EEC80636EE7 /* OpenSans-SemiboldItalic.ttf */; };
		4D437DA12440811F00A43169 /* AppDelegate.m in Sources */ = {isa = PBXBuildFile; fileRef = 13B07FB01A68108700A75B9A /* AppDelegate.m */; };
		4D437DA22440811F00A43169 /* PdfGenerate.swift in Sources */ = {isa = PBXBuildFile; fileRef = 8B9A0F2823AB4F3F00E80325 /* PdfGenerate.swift */; };
		4D437DA32440811F00A43169 /* PdfPassword.m in Sources */ = {isa = PBXBuildFile; fileRef = 58C9D94B238CF52100111659 /* PdfPassword.m */; };
		4D437DA42440811F00A43169 /* main.m in Sources */ = {isa = PBXBuildFile; fileRef = 13B07FB71A68108700A75B9A /* main.m */; };
		4D437DA62440811F00A43169 /* CloudKit.framework in Frameworks */ = {isa = PBXBuildFile; fileRef = 8B6E59A623C70042002F9CFC /* CloudKit.framework */; };
		4D437DA92440811F00A43169 /* Images.xcassets in Resources */ = {isa = PBXBuildFile; fileRef = 13B07FB51A68108700A75B9A /* Images.xcassets */; };
		4D437DAA2440811F00A43169 /* LaunchScreen.xib in Resources */ = {isa = PBXBuildFile; fileRef = 13B07FB11A68108700A75B9A /* LaunchScreen.xib */; };
		4D437DAB2440811F00A43169 /* FiraSans-Bold.ttf in Resources */ = {isa = PBXBuildFile; fileRef = 5058E4CA8421493CB58EF2D7 /* FiraSans-Bold.ttf */; };
		4D437DAC2440811F00A43169 /* FiraSans-BookItalic.ttf in Resources */ = {isa = PBXBuildFile; fileRef = AE2AF0FF633843D4A32A3525 /* FiraSans-BookItalic.ttf */; };
		4D437DAD2440811F00A43169 /* FiraSans-Italic.ttf in Resources */ = {isa = PBXBuildFile; fileRef = F2A9765A861B43DD82371F49 /* FiraSans-Italic.ttf */; };
		4D437DAE2440811F00A43169 /* FiraSans-Medium.ttf in Resources */ = {isa = PBXBuildFile; fileRef = 64120BA926AA4A109016FF90 /* FiraSans-Medium.ttf */; };
		4D437DAF2440811F00A43169 /* FiraSans-MediumItalic.ttf in Resources */ = {isa = PBXBuildFile; fileRef = 0329C21CE54D413089641543 /* FiraSans-MediumItalic.ttf */; };
		4D437DB02440811F00A43169 /* FiraSans-Regular.ttf in Resources */ = {isa = PBXBuildFile; fileRef = F5912C0B72794236AAB85774 /* FiraSans-Regular.ttf */; };
		4D437DB12440811F00A43169 /* FiraSans-SemiBold.ttf in Resources */ = {isa = PBXBuildFile; fileRef = 074A53823B4542088F1A334F /* FiraSans-SemiBold.ttf */; };
		4D437DB22440811F00A43169 /* OpenSans-Bold.ttf in Resources */ = {isa = PBXBuildFile; fileRef = 0B2239255C294279969D8F06 /* OpenSans-Bold.ttf */; };
		4D437DB32440811F00A43169 /* OpenSans-BoldItalic.ttf in Resources */ = {isa = PBXBuildFile; fileRef = 2FB9F98AA281430D89E114A8 /* OpenSans-BoldItalic.ttf */; };
		4D437DB42440811F00A43169 /* OpenSans-ExtraBold.ttf in Resources */ = {isa = PBXBuildFile; fileRef = B5A1406E4C85431881D3C328 /* OpenSans-ExtraBold.ttf */; };
		4D437DB52440811F00A43169 /* OpenSans-Italic.ttf in Resources */ = {isa = PBXBuildFile; fileRef = 4FB7E5E1464C4A29B912C84B /* OpenSans-Italic.ttf */; };
		4D437DB62440811F00A43169 /* OpenSans-Light.ttf in Resources */ = {isa = PBXBuildFile; fileRef = 65988274BA62488F8301AA33 /* OpenSans-Light.ttf */; };
		4D437DB72440811F00A43169 /* OpenSans-LightItalic.ttf in Resources */ = {isa = PBXBuildFile; fileRef = 60D8EB5CBDCD47B7BCCBD0CC /* OpenSans-LightItalic.ttf */; };
		4D437DB82440811F00A43169 /* OpenSans-Regular.ttf in Resources */ = {isa = PBXBuildFile; fileRef = 340715C7D2234FB3BA9916F6 /* OpenSans-Regular.ttf */; };
		4D437DB92440811F00A43169 /* OpenSans-Semibold.ttf in Resources */ = {isa = PBXBuildFile; fileRef = AD117402FDBC444293748DFA /* OpenSans-Semibold.ttf */; };
		4D437DBA2440811F00A43169 /* OpenSans-SemiboldItalic.ttf in Resources */ = {isa = PBXBuildFile; fileRef = A3E9C53E8CAF4EEC80636EE7 /* OpenSans-SemiboldItalic.ttf */; };
		571B9E719CC5434CBB0CE06E /* FiraSans-Medium.ttf in Resources */ = {isa = PBXBuildFile; fileRef = 64120BA926AA4A109016FF90 /* FiraSans-Medium.ttf */; };
		58C9D94C238CF52100111659 /* PdfPassword.m in Sources */ = {isa = PBXBuildFile; fileRef = 58C9D94B238CF52100111659 /* PdfPassword.m */; };
		61005D5824992D8B00FB3C44 /* GoogleService-Info.plist in Resources */ = {isa = PBXBuildFile; fileRef = AA0C91B92450529F0085E6C0 /* GoogleService-Info.plist */; };
		6934F5A33DB24321AFF7B87E /* OpenSans-Semibold.ttf in Resources */ = {isa = PBXBuildFile; fileRef = AD117402FDBC444293748DFA /* OpenSans-Semibold.ttf */; };
		82A58BADE0884E2D8A1E4373 /* OpenSans-ExtraBold.ttf in Resources */ = {isa = PBXBuildFile; fileRef = B5A1406E4C85431881D3C328 /* OpenSans-ExtraBold.ttf */; };
		8953B15C1D9F43F4A4680696 /* OpenSans-SemiboldItalic.ttf in Resources */ = {isa = PBXBuildFile; fileRef = A3E9C53E8CAF4EEC80636EE7 /* OpenSans-SemiboldItalic.ttf */; };
		8B6E59A723C70042002F9CFC /* CloudKit.framework in Frameworks */ = {isa = PBXBuildFile; fileRef = 8B6E59A623C70042002F9CFC /* CloudKit.framework */; };
		8B9A0F2923AB4F3F00E80325 /* PdfGenerate.swift in Sources */ = {isa = PBXBuildFile; fileRef = 8B9A0F2823AB4F3F00E80325 /* PdfGenerate.swift */; };
		9425E5711A2D7253CF3B4E43 /* libPods-HEXA Stage.a in Frameworks */ = {isa = PBXBuildFile; fileRef = B4B72DF785964BB1FCD20C10 /* libPods-HEXA Stage.a */; };
		A339BF789280448399A74159 /* FiraSans-Italic.ttf in Resources */ = {isa = PBXBuildFile; fileRef = F2A9765A861B43DD82371F49 /* FiraSans-Italic.ttf */; };
		AA0C91B8245052920085E6C0 /* GoogleService-Info.plist in Resources */ = {isa = PBXBuildFile; fileRef = AA0C91B7245052920085E6C0 /* GoogleService-Info.plist */; };
		AA0C91BC245052AF0085E6C0 /* GoogleService-Info.plist in Resources */ = {isa = PBXBuildFile; fileRef = AA0C91BB245052AF0085E6C0 /* GoogleService-Info.plist */; };
		ADDFF9B38C792F8E9545FD08 /* libPods-HEXA Dev.a in Frameworks */ = {isa = PBXBuildFile; fileRef = F6911D60079623B2B44318B8 /* libPods-HEXA Dev.a */; };
		B6CC8174EA294F58B425123F /* OpenSans-BoldItalic.ttf in Resources */ = {isa = PBXBuildFile; fileRef = 2FB9F98AA281430D89E114A8 /* OpenSans-BoldItalic.ttf */; };
		BCDAAF9D11C64CB5AFC3A9CF /* libRNFirebase.a in Frameworks */ = {isa = PBXBuildFile; fileRef = AB98187DAA2B4EEC900FAA22 /* libRNFirebase.a */; };
		C12552E990024618BB99A94D /* FiraSans-Regular.ttf in Resources */ = {isa = PBXBuildFile; fileRef = F5912C0B72794236AAB85774 /* FiraSans-Regular.ttf */; };
		C9C37EECA5C44212AD8FA26A /* OpenSans-Light.ttf in Resources */ = {isa = PBXBuildFile; fileRef = 65988274BA62488F8301AA33 /* OpenSans-Light.ttf */; };
		D3B61288D703465FA578996F /* FiraSans-Bold.ttf in Resources */ = {isa = PBXBuildFile; fileRef = 5058E4CA8421493CB58EF2D7 /* FiraSans-Bold.ttf */; };
		DE3ABA70715041CA976FD812 /* OpenSans-Bold.ttf in Resources */ = {isa = PBXBuildFile; fileRef = 0B2239255C294279969D8F06 /* OpenSans-Bold.ttf */; };
		F37784E6F88E43E98ED2D478 /* FiraSans-SemiBold.ttf in Resources */ = {isa = PBXBuildFile; fileRef = 074A53823B4542088F1A334F /* FiraSans-SemiBold.ttf */; };
/* End PBXBuildFile section */

/* Begin PBXFileReference section */
		008F07F21AC5B25A0029DE68 /* main.jsbundle */ = {isa = PBXFileReference; fileEncoding = 4; lastKnownFileType = text; path = main.jsbundle; sourceTree = "<group>"; };
		016A8A456BCD41C68FCCEA11 /* EvilIcons.ttf */ = {isa = PBXFileReference; explicitFileType = undefined; fileEncoding = 9; includeInIndex = 0; lastKnownFileType = unknown; name = EvilIcons.ttf; path = "../node_modules/react-native-vector-icons/Fonts/EvilIcons.ttf"; sourceTree = "<group>"; };
		0329C21CE54D413089641543 /* FiraSans-MediumItalic.ttf */ = {isa = PBXFileReference; explicitFileType = undefined; fileEncoding = 9; includeInIndex = 0; lastKnownFileType = unknown; name = "FiraSans-MediumItalic.ttf"; path = "../src/assets/fonts/FiraSans-MediumItalic.ttf"; sourceTree = "<group>"; };
		074A53823B4542088F1A334F /* FiraSans-SemiBold.ttf */ = {isa = PBXFileReference; explicitFileType = undefined; fileEncoding = 9; includeInIndex = 0; lastKnownFileType = unknown; name = "FiraSans-SemiBold.ttf"; path = "../src/assets/fonts/FiraSans-SemiBold.ttf"; sourceTree = "<group>"; };
		088F596159C4CAD261B4E5D8 /* Pods-HEXA Dev.debug.xcconfig */ = {isa = PBXFileReference; includeInIndex = 1; lastKnownFileType = text.xcconfig; name = "Pods-HEXA Dev.debug.xcconfig"; path = "Target Support Files/Pods-HEXA Dev/Pods-HEXA Dev.debug.xcconfig"; sourceTree = "<group>"; };
		0AD6EA51149C441CBEA9B29A /* FontAwesome.ttf */ = {isa = PBXFileReference; explicitFileType = undefined; fileEncoding = 9; includeInIndex = 0; lastKnownFileType = unknown; name = FontAwesome.ttf; path = "../node_modules/react-native-vector-icons/Fonts/FontAwesome.ttf"; sourceTree = "<group>"; };
		0B2239255C294279969D8F06 /* OpenSans-Bold.ttf */ = {isa = PBXFileReference; explicitFileType = undefined; fileEncoding = 9; includeInIndex = 0; lastKnownFileType = unknown; name = "OpenSans-Bold.ttf"; path = "../src/assets/fonts/OpenSans-Bold.ttf"; sourceTree = "<group>"; };
		13B07F961A680F5B00A75B9A /* Hexa.app */ = {isa = PBXFileReference; explicitFileType = wrapper.application; includeInIndex = 0; path = Hexa.app; sourceTree = BUILT_PRODUCTS_DIR; };
		13B07FAF1A68108700A75B9A /* AppDelegate.h */ = {isa = PBXFileReference; fileEncoding = 4; lastKnownFileType = sourcecode.c.h; name = AppDelegate.h; path = HEXA/AppDelegate.h; sourceTree = "<group>"; };
		13B07FB01A68108700A75B9A /* AppDelegate.m */ = {isa = PBXFileReference; fileEncoding = 4; lastKnownFileType = sourcecode.c.objc; name = AppDelegate.m; path = HEXA/AppDelegate.m; sourceTree = "<group>"; };
		13B07FB21A68108700A75B9A /* Base */ = {isa = PBXFileReference; lastKnownFileType = file.xib; name = Base; path = Base.lproj/LaunchScreen.xib; sourceTree = "<group>"; };
		13B07FB51A68108700A75B9A /* Images.xcassets */ = {isa = PBXFileReference; lastKnownFileType = folder.assetcatalog; name = Images.xcassets; path = HEXA/Images.xcassets; sourceTree = "<group>"; };
		13B07FB61A68108700A75B9A /* Info.plist */ = {isa = PBXFileReference; fileEncoding = 4; lastKnownFileType = text.plist.xml; name = Info.plist; path = HEXA/Info.plist; sourceTree = "<group>"; };
		13B07FB71A68108700A75B9A /* main.m */ = {isa = PBXFileReference; fileEncoding = 4; lastKnownFileType = sourcecode.c.objc; name = main.m; path = HEXA/main.m; sourceTree = "<group>"; };
		16C5F73D29C84B0596334466 /* Zocial.ttf */ = {isa = PBXFileReference; explicitFileType = undefined; fileEncoding = 9; includeInIndex = 0; lastKnownFileType = unknown; name = Zocial.ttf; path = "../node_modules/react-native-vector-icons/Fonts/Zocial.ttf"; sourceTree = "<group>"; };
		1EB5B2FD1A6305F080F2EA59 /* Pods-HEXA.debug.xcconfig */ = {isa = PBXFileReference; includeInIndex = 1; lastKnownFileType = text.xcconfig; name = "Pods-HEXA.debug.xcconfig"; path = "Target Support Files/Pods-HEXA/Pods-HEXA.debug.xcconfig"; sourceTree = "<group>"; };
		2D16E6891FA4F8E400B85C8A /* libReact.a */ = {isa = PBXFileReference; explicitFileType = archive.ar; path = libReact.a; sourceTree = BUILT_PRODUCTS_DIR; };
		2FB9F98AA281430D89E114A8 /* OpenSans-BoldItalic.ttf */ = {isa = PBXFileReference; explicitFileType = undefined; fileEncoding = 9; includeInIndex = 0; lastKnownFileType = unknown; name = "OpenSans-BoldItalic.ttf"; path = "../src/assets/fonts/OpenSans-BoldItalic.ttf"; sourceTree = "<group>"; };
		340715C7D2234FB3BA9916F6 /* OpenSans-Regular.ttf */ = {isa = PBXFileReference; explicitFileType = undefined; fileEncoding = 9; includeInIndex = 0; lastKnownFileType = unknown; name = "OpenSans-Regular.ttf"; path = "../src/assets/fonts/OpenSans-Regular.ttf"; sourceTree = "<group>"; };
		351443CB6B3D0E6F84CD03F8 /* libPods-HEXA.a */ = {isa = PBXFileReference; explicitFileType = archive.ar; includeInIndex = 0; path = "libPods-HEXA.a"; sourceTree = BUILT_PRODUCTS_DIR; };
		3800D0BDFE51DA7CBAA08EFD /* Pods-HEXA Stage.debug.xcconfig */ = {isa = PBXFileReference; includeInIndex = 1; lastKnownFileType = text.xcconfig; name = "Pods-HEXA Stage.debug.xcconfig"; path = "Target Support Files/Pods-HEXA Stage/Pods-HEXA Stage.debug.xcconfig"; sourceTree = "<group>"; };
		43173469BD31A94FB930C392 /* Pods-HEXA Stage.release.xcconfig */ = {isa = PBXFileReference; includeInIndex = 1; lastKnownFileType = text.xcconfig; name = "Pods-HEXA Stage.release.xcconfig"; path = "Target Support Files/Pods-HEXA Stage/Pods-HEXA Stage.release.xcconfig"; sourceTree = "<group>"; };
		4A42DFFF10444D74862B92DE /* MaterialCommunityIcons.ttf */ = {isa = PBXFileReference; explicitFileType = undefined; fileEncoding = 9; includeInIndex = 0; lastKnownFileType = unknown; name = MaterialCommunityIcons.ttf; path = "../node_modules/react-native-vector-icons/Fonts/MaterialCommunityIcons.ttf"; sourceTree = "<group>"; };
		4D437D7E2440796600A43169 /* Hexa Dev.app */ = {isa = PBXFileReference; explicitFileType = wrapper.application; includeInIndex = 0; path = "Hexa Dev.app"; sourceTree = BUILT_PRODUCTS_DIR; };
		4D437D7F2440796600A43169 /* HEXA.Dev-Info.plist */ = {isa = PBXFileReference; lastKnownFileType = text.plist.xml; name = "HEXA.Dev-Info.plist"; path = "/Users/nikhitagawande/workspace/hexa/ios/HEXA.Dev-Info.plist"; sourceTree = "<absolute>"; };
		4D437DD02440811F00A43169 /* Hexa Stage.app */ = {isa = PBXFileReference; explicitFileType = wrapper.application; includeInIndex = 0; path = "Hexa Stage.app"; sourceTree = BUILT_PRODUCTS_DIR; };
		4D437DD12440812000A43169 /* HEXA.Stage-Info.plist */ = {isa = PBXFileReference; lastKnownFileType = text.plist.xml; name = "HEXA.Stage-Info.plist"; path = "/Users/nikhitagawande/workspace/hexa/ios/HEXA.Stage-Info.plist"; sourceTree = "<absolute>"; };
		4E15D7FD419FD21DE0E2FAE9 /* Pods-HEXA.release.xcconfig */ = {isa = PBXFileReference; includeInIndex = 1; lastKnownFileType = text.xcconfig; name = "Pods-HEXA.release.xcconfig"; path = "Target Support Files/Pods-HEXA/Pods-HEXA.release.xcconfig"; sourceTree = "<group>"; };
		4FB7E5E1464C4A29B912C84B /* OpenSans-Italic.ttf */ = {isa = PBXFileReference; explicitFileType = undefined; fileEncoding = 9; includeInIndex = 0; lastKnownFileType = unknown; name = "OpenSans-Italic.ttf"; path = "../src/assets/fonts/OpenSans-Italic.ttf"; sourceTree = "<group>"; };
		5058E4CA8421493CB58EF2D7 /* FiraSans-Bold.ttf */ = {isa = PBXFileReference; explicitFileType = undefined; fileEncoding = 9; includeInIndex = 0; lastKnownFileType = unknown; name = "FiraSans-Bold.ttf"; path = "../src/assets/fonts/FiraSans-Bold.ttf"; sourceTree = "<group>"; };
		58332C592397B07A00E2831D /* Hexa.entitlements */ = {isa = PBXFileReference; lastKnownFileType = text.plist.entitlements; name = Hexa.entitlements; path = HEXA/Hexa.entitlements; sourceTree = "<group>"; };
		58C9D94A238CF52100111659 /* PdfPassword.h */ = {isa = PBXFileReference; fileEncoding = 4; lastKnownFileType = sourcecode.c.h; name = PdfPassword.h; path = HEXA/PdfPassword.h; sourceTree = "<group>"; };
		58C9D94B238CF52100111659 /* PdfPassword.m */ = {isa = PBXFileReference; fileEncoding = 4; lastKnownFileType = sourcecode.c.objc; name = PdfPassword.m; path = HEXA/PdfPassword.m; sourceTree = "<group>"; };
		60D8EB5CBDCD47B7BCCBD0CC /* OpenSans-LightItalic.ttf */ = {isa = PBXFileReference; explicitFileType = undefined; fileEncoding = 9; includeInIndex = 0; lastKnownFileType = unknown; name = "OpenSans-LightItalic.ttf"; path = "../src/assets/fonts/OpenSans-LightItalic.ttf"; sourceTree = "<group>"; };
		64120BA926AA4A109016FF90 /* FiraSans-Medium.ttf */ = {isa = PBXFileReference; explicitFileType = undefined; fileEncoding = 9; includeInIndex = 0; lastKnownFileType = unknown; name = "FiraSans-Medium.ttf"; path = "../src/assets/fonts/FiraSans-Medium.ttf"; sourceTree = "<group>"; };
		65988274BA62488F8301AA33 /* OpenSans-Light.ttf */ = {isa = PBXFileReference; explicitFileType = undefined; fileEncoding = 9; includeInIndex = 0; lastKnownFileType = unknown; name = "OpenSans-Light.ttf"; path = "../src/assets/fonts/OpenSans-Light.ttf"; sourceTree = "<group>"; };
		6D90C9EC4BF74D908AB5556C /* Entypo.ttf */ = {isa = PBXFileReference; explicitFileType = undefined; fileEncoding = 9; includeInIndex = 0; lastKnownFileType = unknown; name = Entypo.ttf; path = "../node_modules/react-native-vector-icons/Fonts/Entypo.ttf"; sourceTree = "<group>"; };
		71B2178AB6874E9EAFFBC9C3 /* Fontisto.ttf */ = {isa = PBXFileReference; explicitFileType = undefined; fileEncoding = 9; includeInIndex = 0; lastKnownFileType = unknown; name = Fontisto.ttf; path = "../node_modules/react-native-vector-icons/Fonts/Fontisto.ttf"; sourceTree = "<group>"; };
		8699703E76BE4C6CA78D3161 /* Feather.ttf */ = {isa = PBXFileReference; explicitFileType = undefined; fileEncoding = 9; includeInIndex = 0; lastKnownFileType = unknown; name = Feather.ttf; path = "../node_modules/react-native-vector-icons/Fonts/Feather.ttf"; sourceTree = "<group>"; };
		8B6E59A623C70042002F9CFC /* CloudKit.framework */ = {isa = PBXFileReference; lastKnownFileType = wrapper.framework; name = CloudKit.framework; path = System/Library/Frameworks/CloudKit.framework; sourceTree = SDKROOT; };
		8B9A0F2723AB4F3F00E80325 /* HEXA-Bridging-Header.h */ = {isa = PBXFileReference; lastKnownFileType = sourcecode.c.h; path = "HEXA-Bridging-Header.h"; sourceTree = "<group>"; };
		8B9A0F2823AB4F3F00E80325 /* PdfGenerate.swift */ = {isa = PBXFileReference; lastKnownFileType = sourcecode.swift; path = PdfGenerate.swift; sourceTree = "<group>"; };
		8CFFF238310D47B189028824 /* Octicons.ttf */ = {isa = PBXFileReference; explicitFileType = undefined; fileEncoding = 9; includeInIndex = 0; lastKnownFileType = unknown; name = Octicons.ttf; path = "../node_modules/react-native-vector-icons/Fonts/Octicons.ttf"; sourceTree = "<group>"; };
		A03B30E141C04C01919E0DED /* Foundation.ttf */ = {isa = PBXFileReference; explicitFileType = undefined; fileEncoding = 9; includeInIndex = 0; lastKnownFileType = unknown; name = Foundation.ttf; path = "../node_modules/react-native-vector-icons/Fonts/Foundation.ttf"; sourceTree = "<group>"; };
		A3E9C53E8CAF4EEC80636EE7 /* OpenSans-SemiboldItalic.ttf */ = {isa = PBXFileReference; explicitFileType = undefined; fileEncoding = 9; includeInIndex = 0; lastKnownFileType = unknown; name = "OpenSans-SemiboldItalic.ttf"; path = "../src/assets/fonts/OpenSans-SemiboldItalic.ttf"; sourceTree = "<group>"; };
		A60578280658057DBB29467E /* Pods-HEXA Dev.release.xcconfig */ = {isa = PBXFileReference; includeInIndex = 1; lastKnownFileType = text.xcconfig; name = "Pods-HEXA Dev.release.xcconfig"; path = "Target Support Files/Pods-HEXA Dev/Pods-HEXA Dev.release.xcconfig"; sourceTree = "<group>"; };
		A9F1E7BAA23A48C4B4842E2B /* SimpleLineIcons.ttf */ = {isa = PBXFileReference; explicitFileType = undefined; fileEncoding = 9; includeInIndex = 0; lastKnownFileType = unknown; name = SimpleLineIcons.ttf; path = "../node_modules/react-native-vector-icons/Fonts/SimpleLineIcons.ttf"; sourceTree = "<group>"; };
		AA0C91B7245052920085E6C0 /* GoogleService-Info.plist */ = {isa = PBXFileReference; fileEncoding = 4; lastKnownFileType = text.plist.xml; name = "GoogleService-Info.plist"; path = "GoogleServicesPlist/Production/GoogleService-Info.plist"; sourceTree = "<group>"; };
		AA0C91B92450529F0085E6C0 /* GoogleService-Info.plist */ = {isa = PBXFileReference; fileEncoding = 4; lastKnownFileType = text.plist.xml; name = "GoogleService-Info.plist"; path = "GoogleServicesPlist/Development/GoogleService-Info.plist"; sourceTree = "<group>"; };
		AA0C91BB245052AF0085E6C0 /* GoogleService-Info.plist */ = {isa = PBXFileReference; fileEncoding = 4; lastKnownFileType = text.plist.xml; name = "GoogleService-Info.plist"; path = "GoogleServicesPlist/Staging/GoogleService-Info.plist"; sourceTree = "<group>"; };
		AB98187DAA2B4EEC900FAA22 /* libRNFirebase.a */ = {isa = PBXFileReference; explicitFileType = undefined; fileEncoding = 9; includeInIndex = 0; lastKnownFileType = archive.ar; path = libRNFirebase.a; sourceTree = "<group>"; };
		AD117402FDBC444293748DFA /* OpenSans-Semibold.ttf */ = {isa = PBXFileReference; explicitFileType = undefined; fileEncoding = 9; includeInIndex = 0; lastKnownFileType = unknown; name = "OpenSans-Semibold.ttf"; path = "../src/assets/fonts/OpenSans-Semibold.ttf"; sourceTree = "<group>"; };
		AE2AF0FF633843D4A32A3525 /* FiraSans-BookItalic.ttf */ = {isa = PBXFileReference; explicitFileType = undefined; fileEncoding = 9; includeInIndex = 0; lastKnownFileType = unknown; name = "FiraSans-BookItalic.ttf"; path = "../src/assets/fonts/FiraSans-BookItalic.ttf"; sourceTree = "<group>"; };
		B31385DB589942E69DE293D3 /* FontAwesome5_Brands.ttf */ = {isa = PBXFileReference; explicitFileType = undefined; fileEncoding = 9; includeInIndex = 0; lastKnownFileType = unknown; name = FontAwesome5_Brands.ttf; path = "../node_modules/react-native-vector-icons/Fonts/FontAwesome5_Brands.ttf"; sourceTree = "<group>"; };
		B4B72DF785964BB1FCD20C10 /* libPods-HEXA Stage.a */ = {isa = PBXFileReference; explicitFileType = archive.ar; includeInIndex = 0; path = "libPods-HEXA Stage.a"; sourceTree = BUILT_PRODUCTS_DIR; };
		B5A1406E4C85431881D3C328 /* OpenSans-ExtraBold.ttf */ = {isa = PBXFileReference; explicitFileType = undefined; fileEncoding = 9; includeInIndex = 0; lastKnownFileType = unknown; name = "OpenSans-ExtraBold.ttf"; path = "../src/assets/fonts/OpenSans-ExtraBold.ttf"; sourceTree = "<group>"; };
		BC2E713B33C44296BAE6D3B4 /* FontAwesome5_Regular.ttf */ = {isa = PBXFileReference; explicitFileType = undefined; fileEncoding = 9; includeInIndex = 0; lastKnownFileType = unknown; name = FontAwesome5_Regular.ttf; path = "../node_modules/react-native-vector-icons/Fonts/FontAwesome5_Regular.ttf"; sourceTree = "<group>"; };
		C8E80D7B5CE14ACB8ECC8581 /* libRNCloudFs.a */ = {isa = PBXFileReference; explicitFileType = undefined; fileEncoding = 9; includeInIndex = 0; lastKnownFileType = archive.ar; path = libRNCloudFs.a; sourceTree = "<group>"; };
		DF2B97BB7D324112916957EE /* FontAwesome5_Solid.ttf */ = {isa = PBXFileReference; explicitFileType = undefined; fileEncoding = 9; includeInIndex = 0; lastKnownFileType = unknown; name = FontAwesome5_Solid.ttf; path = "../node_modules/react-native-vector-icons/Fonts/FontAwesome5_Solid.ttf"; sourceTree = "<group>"; };
		E3391ED6C5244DC8A6D509A1 /* MaterialIcons.ttf */ = {isa = PBXFileReference; explicitFileType = undefined; fileEncoding = 9; includeInIndex = 0; lastKnownFileType = unknown; name = MaterialIcons.ttf; path = "../node_modules/react-native-vector-icons/Fonts/MaterialIcons.ttf"; sourceTree = "<group>"; };
		ED297162215061F000B7C4FE /* JavaScriptCore.framework */ = {isa = PBXFileReference; lastKnownFileType = wrapper.framework; name = JavaScriptCore.framework; path = System/Library/Frameworks/JavaScriptCore.framework; sourceTree = SDKROOT; };
		ED2971642150620600B7C4FE /* JavaScriptCore.framework */ = {isa = PBXFileReference; lastKnownFileType = wrapper.framework; name = JavaScriptCore.framework; path = Platforms/AppleTVOS.platform/Developer/SDKs/AppleTVOS12.0.sdk/System/Library/Frameworks/JavaScriptCore.framework; sourceTree = DEVELOPER_DIR; };
		EE82E94F6E0540049C3B6B5A /* AntDesign.ttf */ = {isa = PBXFileReference; explicitFileType = undefined; fileEncoding = 9; includeInIndex = 0; lastKnownFileType = unknown; name = AntDesign.ttf; path = "../node_modules/react-native-vector-icons/Fonts/AntDesign.ttf"; sourceTree = "<group>"; };
		F2A9765A861B43DD82371F49 /* FiraSans-Italic.ttf */ = {isa = PBXFileReference; explicitFileType = undefined; fileEncoding = 9; includeInIndex = 0; lastKnownFileType = unknown; name = "FiraSans-Italic.ttf"; path = "../src/assets/fonts/FiraSans-Italic.ttf"; sourceTree = "<group>"; };
		F49BCA1A6E264D1393B0F552 /* Ionicons.ttf */ = {isa = PBXFileReference; explicitFileType = undefined; fileEncoding = 9; includeInIndex = 0; lastKnownFileType = unknown; name = Ionicons.ttf; path = "../node_modules/react-native-vector-icons/Fonts/Ionicons.ttf"; sourceTree = "<group>"; };
		F5912C0B72794236AAB85774 /* FiraSans-Regular.ttf */ = {isa = PBXFileReference; explicitFileType = undefined; fileEncoding = 9; includeInIndex = 0; lastKnownFileType = unknown; name = "FiraSans-Regular.ttf"; path = "../src/assets/fonts/FiraSans-Regular.ttf"; sourceTree = "<group>"; };
		F6911D60079623B2B44318B8 /* libPods-HEXA Dev.a */ = {isa = PBXFileReference; explicitFileType = archive.ar; includeInIndex = 0; path = "libPods-HEXA Dev.a"; sourceTree = BUILT_PRODUCTS_DIR; };
/* End PBXFileReference section */

/* Begin PBXFrameworksBuildPhase section */
		13B07F8C1A680F5B00A75B9A /* Frameworks */ = {
			isa = PBXFrameworksBuildPhase;
			buildActionMask = 2147483647;
			files = (
				8B6E59A723C70042002F9CFC /* CloudKit.framework in Frameworks */,
				16E407DACEBC8D45A2F31672 /* libPods-HEXA.a in Frameworks */,
			);
			runOnlyForDeploymentPostprocessing = 0;
		};
		4D437D532440796600A43169 /* Frameworks */ = {
			isa = PBXFrameworksBuildPhase;
			buildActionMask = 2147483647;
			files = (
				4D437D542440796600A43169 /* CloudKit.framework in Frameworks */,
				ADDFF9B38C792F8E9545FD08 /* libPods-HEXA Dev.a in Frameworks */,
			);
			runOnlyForDeploymentPostprocessing = 0;
		};
		4D437DA52440811F00A43169 /* Frameworks */ = {
			isa = PBXFrameworksBuildPhase;
			buildActionMask = 2147483647;
			files = (
				4D437DA62440811F00A43169 /* CloudKit.framework in Frameworks */,
				BCDAAF9D11C64CB5AFC3A9CF /* libRNFirebase.a in Frameworks */,
				9425E5711A2D7253CF3B4E43 /* libPods-HEXA Stage.a in Frameworks */,
			);
			runOnlyForDeploymentPostprocessing = 0;
		};
/* End PBXFrameworksBuildPhase section */

/* Begin PBXGroup section */
		0E61FA713540DCA7DC058F83 /* Pods */ = {
			isa = PBXGroup;
			children = (
				1EB5B2FD1A6305F080F2EA59 /* Pods-HEXA.debug.xcconfig */,
				4E15D7FD419FD21DE0E2FAE9 /* Pods-HEXA.release.xcconfig */,
				088F596159C4CAD261B4E5D8 /* Pods-HEXA Dev.debug.xcconfig */,
				A60578280658057DBB29467E /* Pods-HEXA Dev.release.xcconfig */,
				3800D0BDFE51DA7CBAA08EFD /* Pods-HEXA Stage.debug.xcconfig */,
				43173469BD31A94FB930C392 /* Pods-HEXA Stage.release.xcconfig */,
			);
			path = Pods;
			sourceTree = "<group>";
		};
		13B07FAE1A68108700A75B9A /* HEXA */ = {
			isa = PBXGroup;
			children = (
				AA0C91B7245052920085E6C0 /* GoogleService-Info.plist */,
				AA0C91B92450529F0085E6C0 /* GoogleService-Info.plist */,
				AA0C91BB245052AF0085E6C0 /* GoogleService-Info.plist */,
				58332C592397B07A00E2831D /* Hexa.entitlements */,
				58C9D94A238CF52100111659 /* PdfPassword.h */,
				58C9D94B238CF52100111659 /* PdfPassword.m */,
				008F07F21AC5B25A0029DE68 /* main.jsbundle */,
				13B07FAF1A68108700A75B9A /* AppDelegate.h */,
				13B07FB01A68108700A75B9A /* AppDelegate.m */,
				13B07FB51A68108700A75B9A /* Images.xcassets */,
				13B07FB61A68108700A75B9A /* Info.plist */,
				13B07FB11A68108700A75B9A /* LaunchScreen.xib */,
				13B07FB71A68108700A75B9A /* main.m */,
				8B9A0F2823AB4F3F00E80325 /* PdfGenerate.swift */,
				8B9A0F2723AB4F3F00E80325 /* HEXA-Bridging-Header.h */,
			);
			name = HEXA;
			sourceTree = "<group>";
		};
		2D16E6871FA4F8E400B85C8A /* Frameworks */ = {
			isa = PBXGroup;
			children = (
				8B6E59A623C70042002F9CFC /* CloudKit.framework */,
				ED297162215061F000B7C4FE /* JavaScriptCore.framework */,
				ED2971642150620600B7C4FE /* JavaScriptCore.framework */,
				2D16E6891FA4F8E400B85C8A /* libReact.a */,
				351443CB6B3D0E6F84CD03F8 /* libPods-HEXA.a */,
				F6911D60079623B2B44318B8 /* libPods-HEXA Dev.a */,
				B4B72DF785964BB1FCD20C10 /* libPods-HEXA Stage.a */,
			);
			name = Frameworks;
			sourceTree = "<group>";
		};
		832341AE1AAA6A7D00B99B32 /* Libraries */ = {
			isa = PBXGroup;
			children = (
			);
			name = Libraries;
			sourceTree = "<group>";
		};
		83CBB9F61A601CBA00E9B192 = {
			isa = PBXGroup;
			children = (
				13B07FAE1A68108700A75B9A /* HEXA */,
				832341AE1AAA6A7D00B99B32 /* Libraries */,
				83CBBA001A601CBA00E9B192 /* Products */,
				2D16E6871FA4F8E400B85C8A /* Frameworks */,
				0E61FA713540DCA7DC058F83 /* Pods */,
				D6F68EE2494F4B278976CEEC /* Resources */,
				8B6E59ED23C736F1002F9CFC /* Recovered References */,
				4D437D7F2440796600A43169 /* HEXA.Dev-Info.plist */,
				4D437DD12440812000A43169 /* HEXA.Stage-Info.plist */,
			);
			indentWidth = 2;
			sourceTree = "<group>";
			tabWidth = 2;
			usesTabs = 0;
		};
		83CBBA001A601CBA00E9B192 /* Products */ = {
			isa = PBXGroup;
			children = (
				13B07F961A680F5B00A75B9A /* Hexa.app */,
				4D437D7E2440796600A43169 /* Hexa Dev.app */,
				4D437DD02440811F00A43169 /* Hexa Stage.app */,
			);
			name = Products;
			sourceTree = "<group>";
		};
		8B6E59ED23C736F1002F9CFC /* Recovered References */ = {
			isa = PBXGroup;
			children = (
				C8E80D7B5CE14ACB8ECC8581 /* libRNCloudFs.a */,
				AB98187DAA2B4EEC900FAA22 /* libRNFirebase.a */,
			);
			name = "Recovered References";
			sourceTree = "<group>";
		};
		D6F68EE2494F4B278976CEEC /* Resources */ = {
			isa = PBXGroup;
			children = (
				5058E4CA8421493CB58EF2D7 /* FiraSans-Bold.ttf */,
				AE2AF0FF633843D4A32A3525 /* FiraSans-BookItalic.ttf */,
				F2A9765A861B43DD82371F49 /* FiraSans-Italic.ttf */,
				64120BA926AA4A109016FF90 /* FiraSans-Medium.ttf */,
				0329C21CE54D413089641543 /* FiraSans-MediumItalic.ttf */,
				F5912C0B72794236AAB85774 /* FiraSans-Regular.ttf */,
				074A53823B4542088F1A334F /* FiraSans-SemiBold.ttf */,
				0B2239255C294279969D8F06 /* OpenSans-Bold.ttf */,
				2FB9F98AA281430D89E114A8 /* OpenSans-BoldItalic.ttf */,
				B5A1406E4C85431881D3C328 /* OpenSans-ExtraBold.ttf */,
				4FB7E5E1464C4A29B912C84B /* OpenSans-Italic.ttf */,
				65988274BA62488F8301AA33 /* OpenSans-Light.ttf */,
				60D8EB5CBDCD47B7BCCBD0CC /* OpenSans-LightItalic.ttf */,
				340715C7D2234FB3BA9916F6 /* OpenSans-Regular.ttf */,
				AD117402FDBC444293748DFA /* OpenSans-Semibold.ttf */,
				A3E9C53E8CAF4EEC80636EE7 /* OpenSans-SemiboldItalic.ttf */,
				EE82E94F6E0540049C3B6B5A /* AntDesign.ttf */,
				6D90C9EC4BF74D908AB5556C /* Entypo.ttf */,
				016A8A456BCD41C68FCCEA11 /* EvilIcons.ttf */,
				8699703E76BE4C6CA78D3161 /* Feather.ttf */,
				0AD6EA51149C441CBEA9B29A /* FontAwesome.ttf */,
				B31385DB589942E69DE293D3 /* FontAwesome5_Brands.ttf */,
				BC2E713B33C44296BAE6D3B4 /* FontAwesome5_Regular.ttf */,
				DF2B97BB7D324112916957EE /* FontAwesome5_Solid.ttf */,
				71B2178AB6874E9EAFFBC9C3 /* Fontisto.ttf */,
				A03B30E141C04C01919E0DED /* Foundation.ttf */,
				F49BCA1A6E264D1393B0F552 /* Ionicons.ttf */,
				4A42DFFF10444D74862B92DE /* MaterialCommunityIcons.ttf */,
				E3391ED6C5244DC8A6D509A1 /* MaterialIcons.ttf */,
				8CFFF238310D47B189028824 /* Octicons.ttf */,
				A9F1E7BAA23A48C4B4842E2B /* SimpleLineIcons.ttf */,
				16C5F73D29C84B0596334466 /* Zocial.ttf */,
			);
			name = Resources;
			sourceTree = "<group>";
		};
/* End PBXGroup section */

/* Begin PBXNativeTarget section */
		13B07F861A680F5B00A75B9A /* HEXA */ = {
			isa = PBXNativeTarget;
			buildConfigurationList = 13B07F931A680F5B00A75B9A /* Build configuration list for PBXNativeTarget "HEXA" */;
			buildPhases = (
				AE4CB8F4FFA91D398896E919 /* [CP] Check Pods Manifest.lock */,
				FD4C38642228810C00325AF5 /* Start Packager */,
				13B07F871A680F5B00A75B9A /* Sources */,
				13B07F8C1A680F5B00A75B9A /* Frameworks */,
				13B07F8E1A680F5B00A75B9A /* Resources */,
				00DD1BFF1BD5951E006B06BC /* Bundle React Native code and images */,
				8B194CA323B4EEE9002A7D88 /* ShellScript */,
				63E4EABC6EFB88A1168DC254 /* ShellScript */,
				FE964A4B93DA8D4ECEC931FC /* [CP] Copy Pods Resources */,
			);
			buildRules = (
			);
			dependencies = (
			);
			name = HEXA;
			productName = "Hello World";
			productReference = 13B07F961A680F5B00A75B9A /* Hexa.app */;
			productType = "com.apple.product-type.application";
		};
		4D437D4B2440796600A43169 /* HEXA Dev */ = {
			isa = PBXNativeTarget;
			buildConfigurationList = 4D437D7B2440796600A43169 /* Build configuration list for PBXNativeTarget "HEXA Dev" */;
			buildPhases = (
				4CDCDCA460F3A70CBDC5085A /* [CP] Check Pods Manifest.lock */,
				4D437D4D2440796600A43169 /* Start Packager */,
				4D437D4E2440796600A43169 /* Sources */,
				4D437D532440796600A43169 /* Frameworks */,
				4D437D562440796600A43169 /* Resources */,
				4D437D792440796600A43169 /* Bundle React Native code and images */,
				4D437D7A2440796600A43169 /* ShellScript */,
				EDA725924BAE457E20CA6C91 /* [CP] Copy Pods Resources */,
			);
			buildRules = (
			);
			dependencies = (
			);
			name = "HEXA Dev";
			productName = "Hello World";
			productReference = 4D437D7E2440796600A43169 /* Hexa Dev.app */;
			productType = "com.apple.product-type.application";
		};
		4D437D9D2440811F00A43169 /* HEXA Stage */ = {
			isa = PBXNativeTarget;
			buildConfigurationList = 4D437DCD2440811F00A43169 /* Build configuration list for PBXNativeTarget "HEXA Stage" */;
			buildPhases = (
				E73EA4A74DEA7C8C8185B28B /* [CP] Check Pods Manifest.lock */,
				4D437D9F2440811F00A43169 /* Start Packager */,
				4D437DA02440811F00A43169 /* Sources */,
				4D437DA52440811F00A43169 /* Frameworks */,
				4D437DA82440811F00A43169 /* Resources */,
				4D437DCB2440811F00A43169 /* Bundle React Native code and images */,
				4D437DCC2440811F00A43169 /* ShellScript */,
				1081ABD6EDF1FA5D3601F0C1 /* [CP] Copy Pods Resources */,
			);
			buildRules = (
			);
			dependencies = (
			);
			name = "HEXA Stage";
			productName = "Hello World";
			productReference = 4D437DD02440811F00A43169 /* Hexa Stage.app */;
			productType = "com.apple.product-type.application";
		};
/* End PBXNativeTarget section */

/* Begin PBXProject section */
		83CBB9F71A601CBA00E9B192 /* Project object */ = {
			isa = PBXProject;
			attributes = {
				LastUpgradeCheck = 940;
				ORGANIZATIONNAME = Facebook;
				TargetAttributes = {
					13B07F861A680F5B00A75B9A = {
						DevelopmentTeam = Y5TCB759QL;
						LastSwiftMigration = 1130;
						ProvisioningStyle = Manual;
					};
					4D437D4B2440796600A43169 = {
						DevelopmentTeam = Y5TCB759QL;
						ProvisioningStyle = Manual;
					};
					4D437D9D2440811F00A43169 = {
						DevelopmentTeam = Y5TCB759QL;
						ProvisioningStyle = Manual;
					};
				};
			};
			buildConfigurationList = 83CBB9FA1A601CBA00E9B192 /* Build configuration list for PBXProject "HEXA" */;
			compatibilityVersion = "Xcode 3.2";
			developmentRegion = English;
			hasScannedForEncodings = 0;
			knownRegions = (
				English,
				en,
				Base,
			);
			mainGroup = 83CBB9F61A601CBA00E9B192;
			productRefGroup = 83CBBA001A601CBA00E9B192 /* Products */;
			projectDirPath = "";
			projectRoot = "";
			targets = (
				13B07F861A680F5B00A75B9A /* HEXA */,
				4D437D4B2440796600A43169 /* HEXA Dev */,
				4D437D9D2440811F00A43169 /* HEXA Stage */,
			);
		};
/* End PBXProject section */

/* Begin PBXResourcesBuildPhase section */
		13B07F8E1A680F5B00A75B9A /* Resources */ = {
			isa = PBXResourcesBuildPhase;
			buildActionMask = 2147483647;
			files = (
				13B07FBF1A68108700A75B9A /* Images.xcassets in Resources */,
				13B07FBD1A68108700A75B9A /* LaunchScreen.xib in Resources */,
				D3B61288D703465FA578996F /* FiraSans-Bold.ttf in Resources */,
				4595A0400FF343068FAA37B1 /* FiraSans-BookItalic.ttf in Resources */,
				A339BF789280448399A74159 /* FiraSans-Italic.ttf in Resources */,
				571B9E719CC5434CBB0CE06E /* FiraSans-Medium.ttf in Resources */,
				0B81046D659C418389906ED1 /* FiraSans-MediumItalic.ttf in Resources */,
				C12552E990024618BB99A94D /* FiraSans-Regular.ttf in Resources */,
				F37784E6F88E43E98ED2D478 /* FiraSans-SemiBold.ttf in Resources */,
				DE3ABA70715041CA976FD812 /* OpenSans-Bold.ttf in Resources */,
				B6CC8174EA294F58B425123F /* OpenSans-BoldItalic.ttf in Resources */,
				82A58BADE0884E2D8A1E4373 /* OpenSans-ExtraBold.ttf in Resources */,
				01EAA0E8E7444C779A44769A /* OpenSans-Italic.ttf in Resources */,
				C9C37EECA5C44212AD8FA26A /* OpenSans-Light.ttf in Resources */,
				1B14D77171054F41A1AF0762 /* OpenSans-LightItalic.ttf in Resources */,
				167C15C73DC24DCCBD4D46C1 /* OpenSans-Regular.ttf in Resources */,
				AA0C91B8245052920085E6C0 /* GoogleService-Info.plist in Resources */,
				6934F5A33DB24321AFF7B87E /* OpenSans-Semibold.ttf in Resources */,
				8953B15C1D9F43F4A4680696 /* OpenSans-SemiboldItalic.ttf in Resources */,
			);
			runOnlyForDeploymentPostprocessing = 0;
		};
		4D437D562440796600A43169 /* Resources */ = {
			isa = PBXResourcesBuildPhase;
			buildActionMask = 2147483647;
			files = (
				4D437D572440796600A43169 /* Images.xcassets in Resources */,
				4D437D582440796600A43169 /* LaunchScreen.xib in Resources */,
				4D437D592440796600A43169 /* FiraSans-Bold.ttf in Resources */,
				4D437D5A2440796600A43169 /* FiraSans-BookItalic.ttf in Resources */,
				4D437D5B2440796600A43169 /* FiraSans-Italic.ttf in Resources */,
				4D437D5C2440796600A43169 /* FiraSans-Medium.ttf in Resources */,
				4D437D5D2440796600A43169 /* FiraSans-MediumItalic.ttf in Resources */,
				4D437D5E2440796600A43169 /* FiraSans-Regular.ttf in Resources */,
				4D437D5F2440796600A43169 /* FiraSans-SemiBold.ttf in Resources */,
				4D437D602440796600A43169 /* OpenSans-Bold.ttf in Resources */,
				4D437D612440796600A43169 /* OpenSans-BoldItalic.ttf in Resources */,
				61005D5824992D8B00FB3C44 /* GoogleService-Info.plist in Resources */,
				4D437D622440796600A43169 /* OpenSans-ExtraBold.ttf in Resources */,
				4D437D632440796600A43169 /* OpenSans-Italic.ttf in Resources */,
				4D437D642440796600A43169 /* OpenSans-Light.ttf in Resources */,
				4D437D652440796600A43169 /* OpenSans-LightItalic.ttf in Resources */,
				4D437D662440796600A43169 /* OpenSans-Regular.ttf in Resources */,
				4D437D672440796600A43169 /* OpenSans-Semibold.ttf in Resources */,
				4D437D682440796600A43169 /* OpenSans-SemiboldItalic.ttf in Resources */,
			);
			runOnlyForDeploymentPostprocessing = 0;
		};
		4D437DA82440811F00A43169 /* Resources */ = {
			isa = PBXResourcesBuildPhase;
			buildActionMask = 2147483647;
			files = (
				4D437DA92440811F00A43169 /* Images.xcassets in Resources */,
				4D437DAA2440811F00A43169 /* LaunchScreen.xib in Resources */,
				4D437DAB2440811F00A43169 /* FiraSans-Bold.ttf in Resources */,
				4D437DAC2440811F00A43169 /* FiraSans-BookItalic.ttf in Resources */,
				4D437DAD2440811F00A43169 /* FiraSans-Italic.ttf in Resources */,
				4D437DAE2440811F00A43169 /* FiraSans-Medium.ttf in Resources */,
				4D437DAF2440811F00A43169 /* FiraSans-MediumItalic.ttf in Resources */,
				4D437DB02440811F00A43169 /* FiraSans-Regular.ttf in Resources */,
				4D437DB12440811F00A43169 /* FiraSans-SemiBold.ttf in Resources */,
				4D437DB22440811F00A43169 /* OpenSans-Bold.ttf in Resources */,
				4D437DB32440811F00A43169 /* OpenSans-BoldItalic.ttf in Resources */,
				4D437DB42440811F00A43169 /* OpenSans-ExtraBold.ttf in Resources */,
				4D437DB52440811F00A43169 /* OpenSans-Italic.ttf in Resources */,
				4D437DB62440811F00A43169 /* OpenSans-Light.ttf in Resources */,
				4D437DB72440811F00A43169 /* OpenSans-LightItalic.ttf in Resources */,
				4D437DB82440811F00A43169 /* OpenSans-Regular.ttf in Resources */,
				4D437DB92440811F00A43169 /* OpenSans-Semibold.ttf in Resources */,
				4D437DBA2440811F00A43169 /* OpenSans-SemiboldItalic.ttf in Resources */,
				AA0C91BC245052AF0085E6C0 /* GoogleService-Info.plist in Resources */,
			);
			runOnlyForDeploymentPostprocessing = 0;
		};
/* End PBXResourcesBuildPhase section */

/* Begin PBXShellScriptBuildPhase section */
		00DD1BFF1BD5951E006B06BC /* Bundle React Native code and images */ = {
			isa = PBXShellScriptBuildPhase;
			buildActionMask = 2147483647;
			files = (
			);
			inputPaths = (
			);
			name = "Bundle React Native code and images";
			outputPaths = (
			);
			runOnlyForDeploymentPostprocessing = 0;
			shellPath = /bin/sh;
			shellScript = "export NODE_BINARY=node\n../node_modules/react-native/scripts/react-native-xcode.sh\n";
		};
		1081ABD6EDF1FA5D3601F0C1 /* [CP] Copy Pods Resources */ = {
			isa = PBXShellScriptBuildPhase;
			buildActionMask = 2147483647;
			files = (
			);
			inputPaths = (
				"${PODS_ROOT}/Target Support Files/Pods-HEXA Stage/Pods-HEXA Stage-resources.sh",
				"${PODS_ROOT}/../../node_modules/react-native-vector-icons/Fonts/AntDesign.ttf",
				"${PODS_ROOT}/../../node_modules/react-native-vector-icons/Fonts/Entypo.ttf",
				"${PODS_ROOT}/../../node_modules/react-native-vector-icons/Fonts/EvilIcons.ttf",
				"${PODS_ROOT}/../../node_modules/react-native-vector-icons/Fonts/Feather.ttf",
				"${PODS_ROOT}/../../node_modules/react-native-vector-icons/Fonts/FontAwesome.ttf",
				"${PODS_ROOT}/../../node_modules/react-native-vector-icons/Fonts/FontAwesome5_Brands.ttf",
				"${PODS_ROOT}/../../node_modules/react-native-vector-icons/Fonts/FontAwesome5_Regular.ttf",
				"${PODS_ROOT}/../../node_modules/react-native-vector-icons/Fonts/FontAwesome5_Solid.ttf",
				"${PODS_ROOT}/../../node_modules/react-native-vector-icons/Fonts/Fontisto.ttf",
				"${PODS_ROOT}/../../node_modules/react-native-vector-icons/Fonts/Foundation.ttf",
				"${PODS_ROOT}/../../node_modules/react-native-vector-icons/Fonts/Ionicons.ttf",
				"${PODS_ROOT}/../../node_modules/react-native-vector-icons/Fonts/MaterialCommunityIcons.ttf",
				"${PODS_ROOT}/../../node_modules/react-native-vector-icons/Fonts/MaterialIcons.ttf",
				"${PODS_ROOT}/../../node_modules/react-native-vector-icons/Fonts/Octicons.ttf",
				"${PODS_ROOT}/../../node_modules/react-native-vector-icons/Fonts/SimpleLineIcons.ttf",
				"${PODS_ROOT}/../../node_modules/react-native-vector-icons/Fonts/Zocial.ttf",
			);
			name = "[CP] Copy Pods Resources";
			outputPaths = (
				"${TARGET_BUILD_DIR}/${UNLOCALIZED_RESOURCES_FOLDER_PATH}/AntDesign.ttf",
				"${TARGET_BUILD_DIR}/${UNLOCALIZED_RESOURCES_FOLDER_PATH}/Entypo.ttf",
				"${TARGET_BUILD_DIR}/${UNLOCALIZED_RESOURCES_FOLDER_PATH}/EvilIcons.ttf",
				"${TARGET_BUILD_DIR}/${UNLOCALIZED_RESOURCES_FOLDER_PATH}/Feather.ttf",
				"${TARGET_BUILD_DIR}/${UNLOCALIZED_RESOURCES_FOLDER_PATH}/FontAwesome.ttf",
				"${TARGET_BUILD_DIR}/${UNLOCALIZED_RESOURCES_FOLDER_PATH}/FontAwesome5_Brands.ttf",
				"${TARGET_BUILD_DIR}/${UNLOCALIZED_RESOURCES_FOLDER_PATH}/FontAwesome5_Regular.ttf",
				"${TARGET_BUILD_DIR}/${UNLOCALIZED_RESOURCES_FOLDER_PATH}/FontAwesome5_Solid.ttf",
				"${TARGET_BUILD_DIR}/${UNLOCALIZED_RESOURCES_FOLDER_PATH}/Fontisto.ttf",
				"${TARGET_BUILD_DIR}/${UNLOCALIZED_RESOURCES_FOLDER_PATH}/Foundation.ttf",
				"${TARGET_BUILD_DIR}/${UNLOCALIZED_RESOURCES_FOLDER_PATH}/Ionicons.ttf",
				"${TARGET_BUILD_DIR}/${UNLOCALIZED_RESOURCES_FOLDER_PATH}/MaterialCommunityIcons.ttf",
				"${TARGET_BUILD_DIR}/${UNLOCALIZED_RESOURCES_FOLDER_PATH}/MaterialIcons.ttf",
				"${TARGET_BUILD_DIR}/${UNLOCALIZED_RESOURCES_FOLDER_PATH}/Octicons.ttf",
				"${TARGET_BUILD_DIR}/${UNLOCALIZED_RESOURCES_FOLDER_PATH}/SimpleLineIcons.ttf",
				"${TARGET_BUILD_DIR}/${UNLOCALIZED_RESOURCES_FOLDER_PATH}/Zocial.ttf",
			);
			runOnlyForDeploymentPostprocessing = 0;
			shellPath = /bin/sh;
			shellScript = "\"${PODS_ROOT}/Target Support Files/Pods-HEXA Stage/Pods-HEXA Stage-resources.sh\"\n";
			showEnvVarsInLog = 0;
		};
		4CDCDCA460F3A70CBDC5085A /* [CP] Check Pods Manifest.lock */ = {
			isa = PBXShellScriptBuildPhase;
			buildActionMask = 2147483647;
			files = (
			);
			inputFileListPaths = (
			);
			inputPaths = (
				"${PODS_PODFILE_DIR_PATH}/Podfile.lock",
				"${PODS_ROOT}/Manifest.lock",
			);
			name = "[CP] Check Pods Manifest.lock";
			outputFileListPaths = (
			);
			outputPaths = (
				"$(DERIVED_FILE_DIR)/Pods-HEXA Dev-checkManifestLockResult.txt",
			);
			runOnlyForDeploymentPostprocessing = 0;
			shellPath = /bin/sh;
			shellScript = "diff \"${PODS_PODFILE_DIR_PATH}/Podfile.lock\" \"${PODS_ROOT}/Manifest.lock\" > /dev/null\nif [ $? != 0 ] ; then\n    # print error to STDERR\n    echo \"error: The sandbox is not in sync with the Podfile.lock. Run 'pod install' or update your CocoaPods installation.\" >&2\n    exit 1\nfi\n# This output is used by Xcode 'outputs' to avoid re-running this script phase.\necho \"SUCCESS\" > \"${SCRIPT_OUTPUT_FILE_0}\"\n";
			showEnvVarsInLog = 0;
		};
		4D437D4D2440796600A43169 /* Start Packager */ = {
			isa = PBXShellScriptBuildPhase;
			buildActionMask = 2147483647;
			files = (
			);
			inputFileListPaths = (
			);
			inputPaths = (
			);
			name = "Start Packager";
			outputFileListPaths = (
			);
			outputPaths = (
			);
			runOnlyForDeploymentPostprocessing = 0;
			shellPath = /bin/sh;
			shellScript = "export RCT_METRO_PORT=\"${RCT_METRO_PORT:=8081}\"\necho \"export RCT_METRO_PORT=${RCT_METRO_PORT}\" > \"${SRCROOT}/../node_modules/react-native/scripts/.packager.env\"\nif [ -z \"${RCT_NO_LAUNCH_PACKAGER+xxx}\" ] ; then\n  if nc -w 5 -z localhost ${RCT_METRO_PORT} ; then\n    if ! curl -s \"http://localhost:${RCT_METRO_PORT}/status\" | grep -q \"packager-status:running\" ; then\n      echo \"Port ${RCT_METRO_PORT} already in use, packager is either not running or not running correctly\"\n      exit 2\n    fi\n  else\n    open \"$SRCROOT/../node_modules/react-native/scripts/launchPackager.command\" || echo \"Can't start packager automatically\"\n  fi\nfi\n";
			showEnvVarsInLog = 0;
		};
		4D437D792440796600A43169 /* Bundle React Native code and images */ = {
			isa = PBXShellScriptBuildPhase;
			buildActionMask = 2147483647;
			files = (
			);
			inputPaths = (
			);
			name = "Bundle React Native code and images";
			outputPaths = (
			);
			runOnlyForDeploymentPostprocessing = 0;
			shellPath = /bin/sh;
			shellScript = "export NODE_BINARY=node\n../node_modules/react-native/scripts/react-native-xcode.sh\n";
		};
		4D437D7A2440796600A43169 /* ShellScript */ = {
			isa = PBXShellScriptBuildPhase;
			buildActionMask = 2147483647;
			files = (
			);
			inputFileListPaths = (
			);
			inputPaths = (
			);
			outputFileListPaths = (
			);
			outputPaths = (
			);
			runOnlyForDeploymentPostprocessing = 0;
			shellPath = /bin/sh;
			shellScript = "\"${PODS_ROOT}/Fabric/run\" 2d0b58f102661fcabd3be54e6516854e2b0983f6 5ff81596b78d2fd264d271d822bf9760c4d965381143cdb66e81a8af9d05b14c\n";
		};
		4D437D9F2440811F00A43169 /* Start Packager */ = {
			isa = PBXShellScriptBuildPhase;
			buildActionMask = 2147483647;
			files = (
			);
			inputFileListPaths = (
			);
			inputPaths = (
			);
			name = "Start Packager";
			outputFileListPaths = (
			);
			outputPaths = (
			);
			runOnlyForDeploymentPostprocessing = 0;
			shellPath = /bin/sh;
			shellScript = "export RCT_METRO_PORT=\"${RCT_METRO_PORT:=8081}\"\necho \"export RCT_METRO_PORT=${RCT_METRO_PORT}\" > \"${SRCROOT}/../node_modules/react-native/scripts/.packager.env\"\nif [ -z \"${RCT_NO_LAUNCH_PACKAGER+xxx}\" ] ; then\n  if nc -w 5 -z localhost ${RCT_METRO_PORT} ; then\n    if ! curl -s \"http://localhost:${RCT_METRO_PORT}/status\" | grep -q \"packager-status:running\" ; then\n      echo \"Port ${RCT_METRO_PORT} already in use, packager is either not running or not running correctly\"\n      exit 2\n    fi\n  else\n    open \"$SRCROOT/../node_modules/react-native/scripts/launchPackager.command\" || echo \"Can't start packager automatically\"\n  fi\nfi\n";
			showEnvVarsInLog = 0;
		};
		4D437DCB2440811F00A43169 /* Bundle React Native code and images */ = {
			isa = PBXShellScriptBuildPhase;
			buildActionMask = 2147483647;
			files = (
			);
			inputPaths = (
			);
			name = "Bundle React Native code and images";
			outputPaths = (
			);
			runOnlyForDeploymentPostprocessing = 0;
			shellPath = /bin/sh;
			shellScript = "export NODE_BINARY=node\n../node_modules/react-native/scripts/react-native-xcode.sh\n";
		};
		4D437DCC2440811F00A43169 /* ShellScript */ = {
			isa = PBXShellScriptBuildPhase;
			buildActionMask = 2147483647;
			files = (
			);
			inputFileListPaths = (
			);
			inputPaths = (
			);
			outputFileListPaths = (
			);
			outputPaths = (
			);
			runOnlyForDeploymentPostprocessing = 0;
			shellPath = /bin/sh;
			shellScript = "\"${PODS_ROOT}/Fabric/run\" 2d0b58f102661fcabd3be54e6516854e2b0983f6 5ff81596b78d2fd264d271d822bf9760c4d965381143cdb66e81a8af9d05b14c\n";
		};
		63E4EABC6EFB88A1168DC254 /* ShellScript */ = {
			isa = PBXShellScriptBuildPhase;
			buildActionMask = 2147483647;
			files = (
			);
			inputPaths = (
				"${PODS_ROOT}/Target Support Files/Pods-HEXA/Pods-HEXA-resources.sh",
				"${PODS_ROOT}/../../node_modules/react-native-vector-icons/Fonts/AntDesign.ttf",
				"${PODS_ROOT}/../../node_modules/react-native-vector-icons/Fonts/Entypo.ttf",
				"${PODS_ROOT}/../../node_modules/react-native-vector-icons/Fonts/EvilIcons.ttf",
				"${PODS_ROOT}/../../node_modules/react-native-vector-icons/Fonts/Feather.ttf",
				"${PODS_ROOT}/../../node_modules/react-native-vector-icons/Fonts/FontAwesome.ttf",
				"${PODS_ROOT}/../../node_modules/react-native-vector-icons/Fonts/FontAwesome5_Brands.ttf",
				"${PODS_ROOT}/../../node_modules/react-native-vector-icons/Fonts/FontAwesome5_Regular.ttf",
				"${PODS_ROOT}/../../node_modules/react-native-vector-icons/Fonts/FontAwesome5_Solid.ttf",
				"${PODS_ROOT}/../../node_modules/react-native-vector-icons/Fonts/Fontisto.ttf",
				"${PODS_ROOT}/../../node_modules/react-native-vector-icons/Fonts/Foundation.ttf",
				"${PODS_ROOT}/../../node_modules/react-native-vector-icons/Fonts/Ionicons.ttf",
				"${PODS_ROOT}/../../node_modules/react-native-vector-icons/Fonts/MaterialCommunityIcons.ttf",
				"${PODS_ROOT}/../../node_modules/react-native-vector-icons/Fonts/MaterialIcons.ttf",
				"${PODS_ROOT}/../../node_modules/react-native-vector-icons/Fonts/Octicons.ttf",
				"${PODS_ROOT}/../../node_modules/react-native-vector-icons/Fonts/SimpleLineIcons.ttf",
				"${PODS_ROOT}/../../node_modules/react-native-vector-icons/Fonts/Zocial.ttf",
			);
			outputPaths = (
				"$(DERIVED_FILE_DIR)/Pods-HEXA Stage-checkManifestLockResult.txt",
			);
			runOnlyForDeploymentPostprocessing = 0;
			shellPath = /bin/sh;
			shellScript = "\"${PODS_ROOT}/Target Support Files/Pods-HEXA/Pods-HEXA-resources.sh\"\n";
			showEnvVarsInLog = 0;
		};
		8B194CA323B4EEE9002A7D88 /* ShellScript */ = {
			isa = PBXShellScriptBuildPhase;
			buildActionMask = 2147483647;
			files = (
			);
			inputFileListPaths = (
			);
			inputPaths = (
			);
			outputFileListPaths = (
			);
			outputPaths = (
			);
			runOnlyForDeploymentPostprocessing = 0;
			shellPath = /bin/sh;
			shellScript = "\"${PODS_ROOT}/Fabric/run\" 2d0b58f102661fcabd3be54e6516854e2b0983f6 5ff81596b78d2fd264d271d822bf9760c4d965381143cdb66e81a8af9d05b14c\n";
		};
		AE4CB8F4FFA91D398896E919 /* [CP] Check Pods Manifest.lock */ = {
			isa = PBXShellScriptBuildPhase;
			buildActionMask = 2147483647;
			files = (
			);
			inputFileListPaths = (
			);
			inputPaths = (
				"${PODS_PODFILE_DIR_PATH}/Podfile.lock",
				"${PODS_ROOT}/Manifest.lock",
			);
			name = "[CP] Check Pods Manifest.lock";
			outputFileListPaths = (
			);
			outputPaths = (
				"$(DERIVED_FILE_DIR)/Pods-HEXA-checkManifestLockResult.txt",
			);
			runOnlyForDeploymentPostprocessing = 0;
			shellPath = /bin/sh;
			shellScript = "diff \"${PODS_PODFILE_DIR_PATH}/Podfile.lock\" \"${PODS_ROOT}/Manifest.lock\" > /dev/null\nif [ $? != 0 ] ; then\n    # print error to STDERR\n    echo \"error: The sandbox is not in sync with the Podfile.lock. Run 'pod install' or update your CocoaPods installation.\" >&2\n    exit 1\nfi\n# This output is used by Xcode 'outputs' to avoid re-running this script phase.\necho \"SUCCESS\" > \"${SCRIPT_OUTPUT_FILE_0}\"\n";
			showEnvVarsInLog = 0;
		};
		E73EA4A74DEA7C8C8185B28B /* [CP] Check Pods Manifest.lock */ = {
			isa = PBXShellScriptBuildPhase;
			buildActionMask = 2147483647;
			files = (
			);
			inputFileListPaths = (
			);
			inputPaths = (
				"${PODS_PODFILE_DIR_PATH}/Podfile.lock",
				"${PODS_ROOT}/Manifest.lock",
			);
			name = "[CP] Check Pods Manifest.lock";
			outputFileListPaths = (
			);
			outputPaths = (
				"$(DERIVED_FILE_DIR)/Pods-HEXA Stage-checkManifestLockResult.txt",
			);
			runOnlyForDeploymentPostprocessing = 0;
			shellPath = /bin/sh;
			shellScript = "diff \"${PODS_PODFILE_DIR_PATH}/Podfile.lock\" \"${PODS_ROOT}/Manifest.lock\" > /dev/null\nif [ $? != 0 ] ; then\n    # print error to STDERR\n    echo \"error: The sandbox is not in sync with the Podfile.lock. Run 'pod install' or update your CocoaPods installation.\" >&2\n    exit 1\nfi\n# This output is used by Xcode 'outputs' to avoid re-running this script phase.\necho \"SUCCESS\" > \"${SCRIPT_OUTPUT_FILE_0}\"\n";
			showEnvVarsInLog = 0;
		};
		EDA725924BAE457E20CA6C91 /* [CP] Copy Pods Resources */ = {
			isa = PBXShellScriptBuildPhase;
			buildActionMask = 2147483647;
			files = (
			);
			inputPaths = (
				"${PODS_ROOT}/Target Support Files/Pods-HEXA Dev/Pods-HEXA Dev-resources.sh",
				"${PODS_ROOT}/../../node_modules/react-native-vector-icons/Fonts/AntDesign.ttf",
				"${PODS_ROOT}/../../node_modules/react-native-vector-icons/Fonts/Entypo.ttf",
				"${PODS_ROOT}/../../node_modules/react-native-vector-icons/Fonts/EvilIcons.ttf",
				"${PODS_ROOT}/../../node_modules/react-native-vector-icons/Fonts/Feather.ttf",
				"${PODS_ROOT}/../../node_modules/react-native-vector-icons/Fonts/FontAwesome.ttf",
				"${PODS_ROOT}/../../node_modules/react-native-vector-icons/Fonts/FontAwesome5_Brands.ttf",
				"${PODS_ROOT}/../../node_modules/react-native-vector-icons/Fonts/FontAwesome5_Regular.ttf",
				"${PODS_ROOT}/../../node_modules/react-native-vector-icons/Fonts/FontAwesome5_Solid.ttf",
				"${PODS_ROOT}/../../node_modules/react-native-vector-icons/Fonts/Fontisto.ttf",
				"${PODS_ROOT}/../../node_modules/react-native-vector-icons/Fonts/Foundation.ttf",
				"${PODS_ROOT}/../../node_modules/react-native-vector-icons/Fonts/Ionicons.ttf",
				"${PODS_ROOT}/../../node_modules/react-native-vector-icons/Fonts/MaterialCommunityIcons.ttf",
				"${PODS_ROOT}/../../node_modules/react-native-vector-icons/Fonts/MaterialIcons.ttf",
				"${PODS_ROOT}/../../node_modules/react-native-vector-icons/Fonts/Octicons.ttf",
				"${PODS_ROOT}/../../node_modules/react-native-vector-icons/Fonts/SimpleLineIcons.ttf",
				"${PODS_ROOT}/../../node_modules/react-native-vector-icons/Fonts/Zocial.ttf",
			);
			name = "[CP] Copy Pods Resources";
			outputPaths = (
				"${TARGET_BUILD_DIR}/${UNLOCALIZED_RESOURCES_FOLDER_PATH}/AntDesign.ttf",
				"${TARGET_BUILD_DIR}/${UNLOCALIZED_RESOURCES_FOLDER_PATH}/Entypo.ttf",
				"${TARGET_BUILD_DIR}/${UNLOCALIZED_RESOURCES_FOLDER_PATH}/EvilIcons.ttf",
				"${TARGET_BUILD_DIR}/${UNLOCALIZED_RESOURCES_FOLDER_PATH}/Feather.ttf",
				"${TARGET_BUILD_DIR}/${UNLOCALIZED_RESOURCES_FOLDER_PATH}/FontAwesome.ttf",
				"${TARGET_BUILD_DIR}/${UNLOCALIZED_RESOURCES_FOLDER_PATH}/FontAwesome5_Brands.ttf",
				"${TARGET_BUILD_DIR}/${UNLOCALIZED_RESOURCES_FOLDER_PATH}/FontAwesome5_Regular.ttf",
				"${TARGET_BUILD_DIR}/${UNLOCALIZED_RESOURCES_FOLDER_PATH}/FontAwesome5_Solid.ttf",
				"${TARGET_BUILD_DIR}/${UNLOCALIZED_RESOURCES_FOLDER_PATH}/Fontisto.ttf",
				"${TARGET_BUILD_DIR}/${UNLOCALIZED_RESOURCES_FOLDER_PATH}/Foundation.ttf",
				"${TARGET_BUILD_DIR}/${UNLOCALIZED_RESOURCES_FOLDER_PATH}/Ionicons.ttf",
				"${TARGET_BUILD_DIR}/${UNLOCALIZED_RESOURCES_FOLDER_PATH}/MaterialCommunityIcons.ttf",
				"${TARGET_BUILD_DIR}/${UNLOCALIZED_RESOURCES_FOLDER_PATH}/MaterialIcons.ttf",
				"${TARGET_BUILD_DIR}/${UNLOCALIZED_RESOURCES_FOLDER_PATH}/Octicons.ttf",
				"${TARGET_BUILD_DIR}/${UNLOCALIZED_RESOURCES_FOLDER_PATH}/SimpleLineIcons.ttf",
				"${TARGET_BUILD_DIR}/${UNLOCALIZED_RESOURCES_FOLDER_PATH}/Zocial.ttf",
			);
			runOnlyForDeploymentPostprocessing = 0;
			shellPath = /bin/sh;
			shellScript = "\"${PODS_ROOT}/Target Support Files/Pods-HEXA Dev/Pods-HEXA Dev-resources.sh\"\n";
			showEnvVarsInLog = 0;
		};
		FD4C38642228810C00325AF5 /* Start Packager */ = {
			isa = PBXShellScriptBuildPhase;
			buildActionMask = 2147483647;
			files = (
			);
			inputFileListPaths = (
			);
			inputPaths = (
			);
			name = "Start Packager";
			outputFileListPaths = (
			);
			outputPaths = (
			);
			runOnlyForDeploymentPostprocessing = 0;
			shellPath = /bin/sh;
			shellScript = "export RCT_METRO_PORT=\"${RCT_METRO_PORT:=8081}\"\necho \"export RCT_METRO_PORT=${RCT_METRO_PORT}\" > \"${SRCROOT}/../node_modules/react-native/scripts/.packager.env\"\nif [ -z \"${RCT_NO_LAUNCH_PACKAGER+xxx}\" ] ; then\n  if nc -w 5 -z localhost ${RCT_METRO_PORT} ; then\n    if ! curl -s \"http://localhost:${RCT_METRO_PORT}/status\" | grep -q \"packager-status:running\" ; then\n      echo \"Port ${RCT_METRO_PORT} already in use, packager is either not running or not running correctly\"\n      exit 2\n    fi\n  else\n    open \"$SRCROOT/../node_modules/react-native/scripts/launchPackager.command\" || echo \"Can't start packager automatically\"\n  fi\nfi\n";
			showEnvVarsInLog = 0;
		};
		FE964A4B93DA8D4ECEC931FC /* [CP] Copy Pods Resources */ = {
			isa = PBXShellScriptBuildPhase;
			buildActionMask = 2147483647;
			files = (
			);
			inputPaths = (
				"${PODS_ROOT}/Target Support Files/Pods-HEXA/Pods-HEXA-resources.sh",
				"${PODS_ROOT}/../../node_modules/react-native-vector-icons/Fonts/AntDesign.ttf",
				"${PODS_ROOT}/../../node_modules/react-native-vector-icons/Fonts/Entypo.ttf",
				"${PODS_ROOT}/../../node_modules/react-native-vector-icons/Fonts/EvilIcons.ttf",
				"${PODS_ROOT}/../../node_modules/react-native-vector-icons/Fonts/Feather.ttf",
				"${PODS_ROOT}/../../node_modules/react-native-vector-icons/Fonts/FontAwesome.ttf",
				"${PODS_ROOT}/../../node_modules/react-native-vector-icons/Fonts/FontAwesome5_Brands.ttf",
				"${PODS_ROOT}/../../node_modules/react-native-vector-icons/Fonts/FontAwesome5_Regular.ttf",
				"${PODS_ROOT}/../../node_modules/react-native-vector-icons/Fonts/FontAwesome5_Solid.ttf",
				"${PODS_ROOT}/../../node_modules/react-native-vector-icons/Fonts/Fontisto.ttf",
				"${PODS_ROOT}/../../node_modules/react-native-vector-icons/Fonts/Foundation.ttf",
				"${PODS_ROOT}/../../node_modules/react-native-vector-icons/Fonts/Ionicons.ttf",
				"${PODS_ROOT}/../../node_modules/react-native-vector-icons/Fonts/MaterialCommunityIcons.ttf",
				"${PODS_ROOT}/../../node_modules/react-native-vector-icons/Fonts/MaterialIcons.ttf",
				"${PODS_ROOT}/../../node_modules/react-native-vector-icons/Fonts/Octicons.ttf",
				"${PODS_ROOT}/../../node_modules/react-native-vector-icons/Fonts/SimpleLineIcons.ttf",
				"${PODS_ROOT}/../../node_modules/react-native-vector-icons/Fonts/Zocial.ttf",
			);
			name = "[CP] Copy Pods Resources";
			outputPaths = (
				"${TARGET_BUILD_DIR}/${UNLOCALIZED_RESOURCES_FOLDER_PATH}/AntDesign.ttf",
				"${TARGET_BUILD_DIR}/${UNLOCALIZED_RESOURCES_FOLDER_PATH}/Entypo.ttf",
				"${TARGET_BUILD_DIR}/${UNLOCALIZED_RESOURCES_FOLDER_PATH}/EvilIcons.ttf",
				"${TARGET_BUILD_DIR}/${UNLOCALIZED_RESOURCES_FOLDER_PATH}/Feather.ttf",
				"${TARGET_BUILD_DIR}/${UNLOCALIZED_RESOURCES_FOLDER_PATH}/FontAwesome.ttf",
				"${TARGET_BUILD_DIR}/${UNLOCALIZED_RESOURCES_FOLDER_PATH}/FontAwesome5_Brands.ttf",
				"${TARGET_BUILD_DIR}/${UNLOCALIZED_RESOURCES_FOLDER_PATH}/FontAwesome5_Regular.ttf",
				"${TARGET_BUILD_DIR}/${UNLOCALIZED_RESOURCES_FOLDER_PATH}/FontAwesome5_Solid.ttf",
				"${TARGET_BUILD_DIR}/${UNLOCALIZED_RESOURCES_FOLDER_PATH}/Fontisto.ttf",
				"${TARGET_BUILD_DIR}/${UNLOCALIZED_RESOURCES_FOLDER_PATH}/Foundation.ttf",
				"${TARGET_BUILD_DIR}/${UNLOCALIZED_RESOURCES_FOLDER_PATH}/Ionicons.ttf",
				"${TARGET_BUILD_DIR}/${UNLOCALIZED_RESOURCES_FOLDER_PATH}/MaterialCommunityIcons.ttf",
				"${TARGET_BUILD_DIR}/${UNLOCALIZED_RESOURCES_FOLDER_PATH}/MaterialIcons.ttf",
				"${TARGET_BUILD_DIR}/${UNLOCALIZED_RESOURCES_FOLDER_PATH}/Octicons.ttf",
				"${TARGET_BUILD_DIR}/${UNLOCALIZED_RESOURCES_FOLDER_PATH}/SimpleLineIcons.ttf",
				"${TARGET_BUILD_DIR}/${UNLOCALIZED_RESOURCES_FOLDER_PATH}/Zocial.ttf",
			);
			runOnlyForDeploymentPostprocessing = 0;
			shellPath = /bin/sh;
			shellScript = "\"${PODS_ROOT}/Target Support Files/Pods-HEXA/Pods-HEXA-resources.sh\"\n";
			showEnvVarsInLog = 0;
		};
/* End PBXShellScriptBuildPhase section */

/* Begin PBXSourcesBuildPhase section */
		13B07F871A680F5B00A75B9A /* Sources */ = {
			isa = PBXSourcesBuildPhase;
			buildActionMask = 2147483647;
			files = (
				13B07FBC1A68108700A75B9A /* AppDelegate.m in Sources */,
				8B9A0F2923AB4F3F00E80325 /* PdfGenerate.swift in Sources */,
				58C9D94C238CF52100111659 /* PdfPassword.m in Sources */,
				13B07FC11A68108700A75B9A /* main.m in Sources */,
			);
			runOnlyForDeploymentPostprocessing = 0;
		};
		4D437D4E2440796600A43169 /* Sources */ = {
			isa = PBXSourcesBuildPhase;
			buildActionMask = 2147483647;
			files = (
				4D437D4F2440796600A43169 /* AppDelegate.m in Sources */,
				4D437D502440796600A43169 /* PdfGenerate.swift in Sources */,
				4D437D512440796600A43169 /* PdfPassword.m in Sources */,
				4D437D522440796600A43169 /* main.m in Sources */,
			);
			runOnlyForDeploymentPostprocessing = 0;
		};
		4D437DA02440811F00A43169 /* Sources */ = {
			isa = PBXSourcesBuildPhase;
			buildActionMask = 2147483647;
			files = (
				4D437DA12440811F00A43169 /* AppDelegate.m in Sources */,
				4D437DA22440811F00A43169 /* PdfGenerate.swift in Sources */,
				4D437DA32440811F00A43169 /* PdfPassword.m in Sources */,
				4D437DA42440811F00A43169 /* main.m in Sources */,
			);
			runOnlyForDeploymentPostprocessing = 0;
		};
/* End PBXSourcesBuildPhase section */

/* Begin PBXVariantGroup section */
		13B07FB11A68108700A75B9A /* LaunchScreen.xib */ = {
			isa = PBXVariantGroup;
			children = (
				13B07FB21A68108700A75B9A /* Base */,
			);
			name = LaunchScreen.xib;
			path = HEXA;
			sourceTree = "<group>";
		};
/* End PBXVariantGroup section */

/* Begin XCBuildConfiguration section */
		13B07F941A680F5B00A75B9A /* Debug */ = {
			isa = XCBuildConfiguration;
			baseConfigurationReference = 1EB5B2FD1A6305F080F2EA59 /* Pods-HEXA.debug.xcconfig */;
			buildSettings = {
				ASSETCATALOG_COMPILER_APPICON_NAME = AppIcon;
				CLANG_ENABLE_MODULES = YES;
				CODE_SIGN_ENTITLEMENTS = HEXA/Hexa.entitlements;
				CODE_SIGN_IDENTITY = "iPhone Developer";
				CODE_SIGN_STYLE = Manual;
				CURRENT_PROJECT_VERSION = 108;
				DEAD_CODE_STRIPPING = NO;
				DEVELOPMENT_TEAM = Y5TCB759QL;
				HEADER_SEARCH_PATHS = (
					"$(inherited)",
					"$(SRCROOT)/../node_modules/react-native-cloud-fs/ios",
					"$(SRCROOT)/../node_modules/react-native-firebase/ios/RNFirebase/**",
				);
				INFOPLIST_FILE = HEXA/Info.plist;
				INFOPLIST_OTHER_PREPROCESSOR_FLAGS = "";
				INFOPLIST_PREFIX_HEADER = "";
				INFOPLIST_PREPROCESS = NO;
				IPHONEOS_DEPLOYMENT_TARGET = 12.0;
				LD_RUNPATH_SEARCH_PATHS = "$(inherited) @executable_path/Frameworks";
				LIBRARY_SEARCH_PATHS = (
					"$(inherited)",
					"\"$(SRCROOT)/Hexa\"",
					"\"$(SRCROOT)/Hexa\"",
				);
				MARKETING_VERSION = 1.1.2;
				OTHER_LDFLAGS = (
					"$(inherited)",
					"-ObjC",
					"-lc++",
				);
				PRODUCT_BUNDLE_IDENTIFIER = io.hexawallet.hexa;
				PRODUCT_NAME = Hexa;
				PROVISIONING_PROFILE_SPECIFIER = "Hexa Production Dev";
				SWIFT_OBJC_BRIDGING_HEADER = "HEXA-Bridging-Header.h";
				SWIFT_OPTIMIZATION_LEVEL = "-Onone";
				SWIFT_VERSION = 5.0;
				VERSIONING_SYSTEM = "apple-generic";
			};
			name = Debug;
		};
		13B07F951A680F5B00A75B9A /* Release */ = {
			isa = XCBuildConfiguration;
			baseConfigurationReference = 4E15D7FD419FD21DE0E2FAE9 /* Pods-HEXA.release.xcconfig */;
			buildSettings = {
				ASSETCATALOG_COMPILER_APPICON_NAME = AppIcon;
				CLANG_ENABLE_MODULES = YES;
				CODE_SIGN_ENTITLEMENTS = HEXA/Hexa.entitlements;
				CODE_SIGN_IDENTITY = "iPhone Developer";
				CODE_SIGN_STYLE = Manual;
				CURRENT_PROJECT_VERSION = 108;
				DEVELOPMENT_TEAM = Y5TCB759QL;
				HEADER_SEARCH_PATHS = (
					"$(inherited)",
					"$(SRCROOT)/../node_modules/react-native-cloud-fs/ios",
					"$(SRCROOT)/../node_modules/react-native-firebase/ios/RNFirebase/**",
				);
				INFOPLIST_FILE = HEXA/Info.plist;
				INFOPLIST_OTHER_PREPROCESSOR_FLAGS = "";
				INFOPLIST_PREFIX_HEADER = "";
				INFOPLIST_PREPROCESS = NO;
				IPHONEOS_DEPLOYMENT_TARGET = 12.0;
				LD_RUNPATH_SEARCH_PATHS = "$(inherited) @executable_path/Frameworks";
				LIBRARY_SEARCH_PATHS = (
					"$(inherited)",
					"\"$(SRCROOT)/Hexa\"",
					"\"$(SRCROOT)/Hexa\"",
				);
				MARKETING_VERSION = 1.1.2;
				OTHER_LDFLAGS = (
					"$(inherited)",
					"-ObjC",
					"-lc++",
				);
				PRODUCT_BUNDLE_IDENTIFIER = io.hexawallet.hexa;
				PRODUCT_NAME = Hexa;
				PROVISIONING_PROFILE_SPECIFIER = "Hexa Production Dev";
				SWIFT_OBJC_BRIDGING_HEADER = "HEXA-Bridging-Header.h";
				SWIFT_VERSION = 5.0;
				VERSIONING_SYSTEM = "apple-generic";
			};
			name = Release;
		};
		4D437D7C2440796600A43169 /* Debug */ = {
			isa = XCBuildConfiguration;
			baseConfigurationReference = 088F596159C4CAD261B4E5D8 /* Pods-HEXA Dev.debug.xcconfig */;
			buildSettings = {
				ASSETCATALOG_COMPILER_APPICON_NAME = "AppIcon-Development";
				CLANG_ENABLE_MODULES = YES;
				CODE_SIGN_ENTITLEMENTS = HEXA/Hexa.entitlements;
				CODE_SIGN_IDENTITY = "iPhone Distribution";
				CODE_SIGN_STYLE = Manual;
				CURRENT_PROJECT_VERSION = 110;
				DEAD_CODE_STRIPPING = NO;
				DEVELOPMENT_TEAM = "";
				HEADER_SEARCH_PATHS = (
					"$(inherited)",
					"$(SRCROOT)/../node_modules/react-native-cloud-fs/ios",
				);
				INFOPLIST_FILE = "HEXA.Dev-Info.plist";
				INFOPLIST_OTHER_PREPROCESSOR_FLAGS = "";
				INFOPLIST_PREFIX_HEADER = "";
				INFOPLIST_PREPROCESS = NO;
				IPHONEOS_DEPLOYMENT_TARGET = 12.0;
				LD_RUNPATH_SEARCH_PATHS = "$(inherited) @executable_path/Frameworks";
				LIBRARY_SEARCH_PATHS = (
					"$(inherited)",
					"\"$(SRCROOT)/Hexa\"",
				);
				MARKETING_VERSION = 1.1.2;
				OTHER_LDFLAGS = (
					"$(inherited)",
					"-ObjC",
					"-lc++",
				);
				PRODUCT_BUNDLE_IDENTIFIER = io.hexawallet.hexa.development;
				PRODUCT_MODULE_NAME = Hexa;
				PRODUCT_NAME = "Hexa Dev";
				PROVISIONING_PROFILE_SPECIFIER = "";
				SWIFT_OBJC_BRIDGING_HEADER = "HEXA-Bridging-Header.h";
				SWIFT_OPTIMIZATION_LEVEL = "-Onone";
				SWIFT_VERSION = 5.0;
				VERSIONING_SYSTEM = "apple-generic";
			};
			name = Debug;
		};
		4D437D7D2440796600A43169 /* Release */ = {
			isa = XCBuildConfiguration;
			baseConfigurationReference = A60578280658057DBB29467E /* Pods-HEXA Dev.release.xcconfig */;
			buildSettings = {
				ASSETCATALOG_COMPILER_APPICON_NAME = "AppIcon-Development";
				CLANG_ENABLE_MODULES = YES;
				CODE_SIGN_ENTITLEMENTS = HEXA/Hexa.entitlements;
				CODE_SIGN_IDENTITY = "iPhone Distribution";
				CODE_SIGN_STYLE = Manual;
				CURRENT_PROJECT_VERSION = 110;
				DEVELOPMENT_TEAM = Y5TCB759QL;
				HEADER_SEARCH_PATHS = (
					"$(inherited)",
					"$(SRCROOT)/../node_modules/react-native-cloud-fs/ios",
				);
				INFOPLIST_FILE = "HEXA.Dev-Info.plist";
				INFOPLIST_OTHER_PREPROCESSOR_FLAGS = "";
				INFOPLIST_PREFIX_HEADER = "";
				INFOPLIST_PREPROCESS = NO;
				IPHONEOS_DEPLOYMENT_TARGET = 12.0;
				LD_RUNPATH_SEARCH_PATHS = "$(inherited) @executable_path/Frameworks";
				LIBRARY_SEARCH_PATHS = (
					"$(inherited)",
					"\"$(SRCROOT)/Hexa\"",
				);
				MARKETING_VERSION = 1.1.2;
				OTHER_LDFLAGS = (
					"$(inherited)",
					"-ObjC",
					"-lc++",
				);
				PRODUCT_BUNDLE_IDENTIFIER = io.hexawallet.hexa.development;
				PRODUCT_MODULE_NAME = Hexa;
				PRODUCT_NAME = "Hexa Dev";
				PROVISIONING_PROFILE_SPECIFIER = "";
				SWIFT_OBJC_BRIDGING_HEADER = "HEXA-Bridging-Header.h";
				SWIFT_VERSION = 5.0;
				VERSIONING_SYSTEM = "apple-generic";
			};
			name = Release;
		};
		4D437DCE2440811F00A43169 /* Debug */ = {
			isa = XCBuildConfiguration;
			baseConfigurationReference = 3800D0BDFE51DA7CBAA08EFD /* Pods-HEXA Stage.debug.xcconfig */;
			buildSettings = {
				ASSETCATALOG_COMPILER_APPICON_NAME = "AppIcon-Staging";
				CLANG_ENABLE_MODULES = YES;
				CODE_SIGN_ENTITLEMENTS = HEXA/Hexa.entitlements;
				CODE_SIGN_IDENTITY = "iPhone Developer";
				CODE_SIGN_STYLE = Manual;
				CURRENT_PROJECT_VERSION = 110;
				DEAD_CODE_STRIPPING = NO;
				DEVELOPMENT_TEAM = Y5TCB759QL;
				HEADER_SEARCH_PATHS = (
					"$(inherited)",
					"$(SRCROOT)/../node_modules/react-native-cloud-fs/ios",
				);
				INFOPLIST_FILE = "HEXA.Stage-Info.plist";
				INFOPLIST_OTHER_PREPROCESSOR_FLAGS = "";
				INFOPLIST_PREFIX_HEADER = "";
				INFOPLIST_PREPROCESS = NO;
				IPHONEOS_DEPLOYMENT_TARGET = 12.0;
				LD_RUNPATH_SEARCH_PATHS = "$(inherited) @executable_path/Frameworks";
				LIBRARY_SEARCH_PATHS = (
					"$(inherited)",
					"\"$(SRCROOT)/Hexa\"",
				);
				MARKETING_VERSION = 1.1.2;
				OTHER_LDFLAGS = (
					"$(inherited)",
					"-ObjC",
					"-lc++",
				);
				PRODUCT_BUNDLE_IDENTIFIER = io.hexawallet.hexa.staging;
				PRODUCT_MODULE_NAME = Hexa;
				PRODUCT_NAME = "Hexa Stage";
				PROVISIONING_PROFILE_SPECIFIER = "Hexa Staging Dev";
				SWIFT_OBJC_BRIDGING_HEADER = "HEXA-Bridging-Header.h";
				SWIFT_OPTIMIZATION_LEVEL = "-Onone";
				SWIFT_VERSION = 5.0;
				VERSIONING_SYSTEM = "apple-generic";
			};
			name = Debug;
		};
		4D437DCF2440811F00A43169 /* Release */ = {
			isa = XCBuildConfiguration;
			baseConfigurationReference = 43173469BD31A94FB930C392 /* Pods-HEXA Stage.release.xcconfig */;
			buildSettings = {
				ASSETCATALOG_COMPILER_APPICON_NAME = "AppIcon-Staging";
				CLANG_ENABLE_MODULES = YES;
				CODE_SIGN_ENTITLEMENTS = HEXA/Hexa.entitlements;
				CODE_SIGN_IDENTITY = "iPhone Distribution";
				CODE_SIGN_STYLE = Manual;
				CURRENT_PROJECT_VERSION = 110;
				DEVELOPMENT_TEAM = Y5TCB759QL;
				HEADER_SEARCH_PATHS = (
					"$(inherited)",
					"$(SRCROOT)/../node_modules/react-native-cloud-fs/ios",
				);
				INFOPLIST_FILE = "HEXA.Stage-Info.plist";
				INFOPLIST_OTHER_PREPROCESSOR_FLAGS = "";
				INFOPLIST_PREFIX_HEADER = "";
				INFOPLIST_PREPROCESS = NO;
				IPHONEOS_DEPLOYMENT_TARGET = 12.0;
				LD_RUNPATH_SEARCH_PATHS = "$(inherited) @executable_path/Frameworks";
				LIBRARY_SEARCH_PATHS = (
					"$(inherited)",
					"\"$(SRCROOT)/Hexa\"",
				);
				MARKETING_VERSION = 1.1.2;
				OTHER_LDFLAGS = (
					"$(inherited)",
					"-ObjC",
					"-lc++",
				);
				PRODUCT_BUNDLE_IDENTIFIER = io.hexawallet.hexa.staging;
				PRODUCT_MODULE_NAME = Hexa;
				PRODUCT_NAME = "Hexa Stage";
				PROVISIONING_PROFILE_SPECIFIER = "Hexa Staging Dist";
				SWIFT_OBJC_BRIDGING_HEADER = "HEXA-Bridging-Header.h";
				SWIFT_VERSION = 5.0;
				VERSIONING_SYSTEM = "apple-generic";
			};
			name = Release;
		};
		83CBBA201A601CBA00E9B192 /* Debug */ = {
			isa = XCBuildConfiguration;
			buildSettings = {
				ALWAYS_SEARCH_USER_PATHS = NO;
				CLANG_CXX_LANGUAGE_STANDARD = "gnu++0x";
				CLANG_CXX_LIBRARY = "libc++";
				CLANG_ENABLE_MODULES = YES;
				CLANG_ENABLE_OBJC_ARC = YES;
				CLANG_WARN_BLOCK_CAPTURE_AUTORELEASING = YES;
				CLANG_WARN_BOOL_CONVERSION = YES;
				CLANG_WARN_COMMA = YES;
				CLANG_WARN_CONSTANT_CONVERSION = YES;
				CLANG_WARN_DEPRECATED_OBJC_IMPLEMENTATIONS = YES;
				CLANG_WARN_DIRECT_OBJC_ISA_USAGE = YES_ERROR;
				CLANG_WARN_EMPTY_BODY = YES;
				CLANG_WARN_ENUM_CONVERSION = YES;
				CLANG_WARN_INFINITE_RECURSION = YES;
				CLANG_WARN_INT_CONVERSION = YES;
				CLANG_WARN_NON_LITERAL_NULL_CONVERSION = YES;
				CLANG_WARN_OBJC_IMPLICIT_RETAIN_SELF = YES;
				CLANG_WARN_OBJC_LITERAL_CONVERSION = YES;
				CLANG_WARN_OBJC_ROOT_CLASS = YES_ERROR;
				CLANG_WARN_RANGE_LOOP_ANALYSIS = YES;
				CLANG_WARN_STRICT_PROTOTYPES = YES;
				CLANG_WARN_SUSPICIOUS_MOVE = YES;
				CLANG_WARN_UNREACHABLE_CODE = YES;
				CLANG_WARN__DUPLICATE_METHOD_MATCH = YES;
				"CODE_SIGN_IDENTITY[sdk=iphoneos*]" = "iPhone Developer";
				COPY_PHASE_STRIP = NO;
				ENABLE_STRICT_OBJC_MSGSEND = YES;
				ENABLE_TESTABILITY = YES;
				GCC_C_LANGUAGE_STANDARD = gnu99;
				GCC_DYNAMIC_NO_PIC = NO;
				GCC_NO_COMMON_BLOCKS = YES;
				GCC_OPTIMIZATION_LEVEL = 0;
				GCC_PREPROCESSOR_DEFINITIONS = (
					"DEBUG=1",
					"$(inherited)",
				);
				GCC_SYMBOLS_PRIVATE_EXTERN = NO;
				GCC_WARN_64_TO_32_BIT_CONVERSION = YES;
				GCC_WARN_ABOUT_RETURN_TYPE = YES_ERROR;
				GCC_WARN_UNDECLARED_SELECTOR = YES;
				GCC_WARN_UNINITIALIZED_AUTOS = YES_AGGRESSIVE;
				GCC_WARN_UNUSED_FUNCTION = YES;
				GCC_WARN_UNUSED_VARIABLE = YES;
				INFOPLIST_OTHER_PREPROCESSOR_FLAGS = "";
				INFOPLIST_PREFIX_HEADER = "";
				INFOPLIST_PREPROCESS = NO;
				IPHONEOS_DEPLOYMENT_TARGET = 9.0;
				MTL_ENABLE_DEBUG_INFO = YES;
				ONLY_ACTIVE_ARCH = YES;
				SDKROOT = iphoneos;
			};
			name = Debug;
		};
		83CBBA211A601CBA00E9B192 /* Release */ = {
			isa = XCBuildConfiguration;
			buildSettings = {
				ALWAYS_SEARCH_USER_PATHS = NO;
				CLANG_CXX_LANGUAGE_STANDARD = "gnu++0x";
				CLANG_CXX_LIBRARY = "libc++";
				CLANG_ENABLE_MODULES = YES;
				CLANG_ENABLE_OBJC_ARC = YES;
				CLANG_WARN_BLOCK_CAPTURE_AUTORELEASING = YES;
				CLANG_WARN_BOOL_CONVERSION = YES;
				CLANG_WARN_COMMA = YES;
				CLANG_WARN_CONSTANT_CONVERSION = YES;
				CLANG_WARN_DEPRECATED_OBJC_IMPLEMENTATIONS = YES;
				CLANG_WARN_DIRECT_OBJC_ISA_USAGE = YES_ERROR;
				CLANG_WARN_EMPTY_BODY = YES;
				CLANG_WARN_ENUM_CONVERSION = YES;
				CLANG_WARN_INFINITE_RECURSION = YES;
				CLANG_WARN_INT_CONVERSION = YES;
				CLANG_WARN_NON_LITERAL_NULL_CONVERSION = YES;
				CLANG_WARN_OBJC_IMPLICIT_RETAIN_SELF = YES;
				CLANG_WARN_OBJC_LITERAL_CONVERSION = YES;
				CLANG_WARN_OBJC_ROOT_CLASS = YES_ERROR;
				CLANG_WARN_RANGE_LOOP_ANALYSIS = YES;
				CLANG_WARN_STRICT_PROTOTYPES = YES;
				CLANG_WARN_SUSPICIOUS_MOVE = YES;
				CLANG_WARN_UNREACHABLE_CODE = YES;
				CLANG_WARN__DUPLICATE_METHOD_MATCH = YES;
				"CODE_SIGN_IDENTITY[sdk=iphoneos*]" = "iPhone Developer";
				COPY_PHASE_STRIP = YES;
				ENABLE_NS_ASSERTIONS = NO;
				ENABLE_STRICT_OBJC_MSGSEND = YES;
				GCC_C_LANGUAGE_STANDARD = gnu99;
				GCC_NO_COMMON_BLOCKS = YES;
				GCC_WARN_64_TO_32_BIT_CONVERSION = YES;
				GCC_WARN_ABOUT_RETURN_TYPE = YES_ERROR;
				GCC_WARN_UNDECLARED_SELECTOR = YES;
				GCC_WARN_UNINITIALIZED_AUTOS = YES_AGGRESSIVE;
				GCC_WARN_UNUSED_FUNCTION = YES;
				GCC_WARN_UNUSED_VARIABLE = YES;
				INFOPLIST_OTHER_PREPROCESSOR_FLAGS = "";
				INFOPLIST_PREFIX_HEADER = "";
				INFOPLIST_PREPROCESS = NO;
				IPHONEOS_DEPLOYMENT_TARGET = 9.0;
				MTL_ENABLE_DEBUG_INFO = NO;
				SDKROOT = iphoneos;
				VALIDATE_PRODUCT = YES;
			};
			name = Release;
		};
/* End XCBuildConfiguration section */

/* Begin XCConfigurationList section */
		13B07F931A680F5B00A75B9A /* Build configuration list for PBXNativeTarget "HEXA" */ = {
			isa = XCConfigurationList;
			buildConfigurations = (
				13B07F941A680F5B00A75B9A /* Debug */,
				13B07F951A680F5B00A75B9A /* Release */,
			);
			defaultConfigurationIsVisible = 0;
			defaultConfigurationName = Release;
		};
		4D437D7B2440796600A43169 /* Build configuration list for PBXNativeTarget "HEXA Dev" */ = {
			isa = XCConfigurationList;
			buildConfigurations = (
				4D437D7C2440796600A43169 /* Debug */,
				4D437D7D2440796600A43169 /* Release */,
			);
			defaultConfigurationIsVisible = 0;
			defaultConfigurationName = Release;
		};
		4D437DCD2440811F00A43169 /* Build configuration list for PBXNativeTarget "HEXA Stage" */ = {
			isa = XCConfigurationList;
			buildConfigurations = (
				4D437DCE2440811F00A43169 /* Debug */,
				4D437DCF2440811F00A43169 /* Release */,
			);
			defaultConfigurationIsVisible = 0;
			defaultConfigurationName = Release;
		};
		83CBB9FA1A601CBA00E9B192 /* Build configuration list for PBXProject "HEXA" */ = {
			isa = XCConfigurationList;
			buildConfigurations = (
				83CBBA201A601CBA00E9B192 /* Debug */,
				83CBBA211A601CBA00E9B192 /* Release */,
			);
			defaultConfigurationIsVisible = 0;
			defaultConfigurationName = Release;
		};
/* End XCConfigurationList section */
	};
	rootObject = 83CBB9F71A601CBA00E9B192 /* Project object */;
}
