// !$*UTF8*$!
{
	archiveVersion = 1;
	classes = {
	};
	objectVersion = 46;
	objects = {

/* Begin PBXBuildFile section */
		13B07FBC1A68108700A75B9A /* AppDelegate.m in Sources */ = {isa = PBXBuildFile; fileRef = 13B07FB01A68108700A75B9A /* AppDelegate.m */; };
		13B07FBD1A68108700A75B9A /* LaunchScreen.xib in Resources */ = {isa = PBXBuildFile; fileRef = 13B07FB11A68108700A75B9A /* LaunchScreen.xib */; };
		13B07FBF1A68108700A75B9A /* Images.xcassets in Resources */ = {isa = PBXBuildFile; fileRef = 13B07FB51A68108700A75B9A /* Images.xcassets */; };
		13B07FC11A68108700A75B9A /* main.m in Sources */ = {isa = PBXBuildFile; fileRef = 13B07FB71A68108700A75B9A /* main.m */; };
		49FBCCF72C5CBD46C326548D /* libPods-HexaWallet.a in Frameworks */ = {isa = PBXBuildFile; fileRef = 0D49BE9F9D20586464959BA6 /* libPods-HexaWallet.a */; };
		8B075B7A23194CAA00CE9636 /* HexaWallet.entitlements in Resources */ = {isa = PBXBuildFile; fileRef = 8BBD1978231017C4004E59C9 /* HexaWallet.entitlements */; };
		8B24F6402330B61100CD8C30 /* libRCTPrivacySnapshot.a in Frameworks */ = {isa = PBXBuildFile; fileRef = 8B24F62C2330B5EF00CD8C30 /* libRCTPrivacySnapshot.a */; };
		8B24F6432330BA8000CD8C30 /* ScreenRecordingDetector.m in Sources */ = {isa = PBXBuildFile; fileRef = 8B24F6422330BA8000CD8C30 /* ScreenRecordingDetector.m */; };
		8BB54E4B234C6F8B00CF154F /* FiraSans-Bold.ttf in Resources */ = {isa = PBXBuildFile; fileRef = 8BB54E45234C6F8A00CF154F /* FiraSans-Bold.ttf */; };
		8BB54E4C234C6F8B00CF154F /* FiraSans-BookItalic.ttf in Resources */ = {isa = PBXBuildFile; fileRef = 8BB54E46234C6F8A00CF154F /* FiraSans-BookItalic.ttf */; };
		8BB54E4D234C6F8B00CF154F /* FiraSans-Italic.ttf in Resources */ = {isa = PBXBuildFile; fileRef = 8BB54E47234C6F8A00CF154F /* FiraSans-Italic.ttf */; };
		8BB54E4E234C6F8B00CF154F /* FiraSans-Regular.ttf in Resources */ = {isa = PBXBuildFile; fileRef = 8BB54E48234C6F8A00CF154F /* FiraSans-Regular.ttf */; };
		8BB54E4F234C6F8B00CF154F /* FiraSans-SemiBold.ttf in Resources */ = {isa = PBXBuildFile; fileRef = 8BB54E49234C6F8B00CF154F /* FiraSans-SemiBold.ttf */; };
		8BB54E50234C6F8B00CF154F /* FiraSans-Medium.ttf in Resources */ = {isa = PBXBuildFile; fileRef = 8BB54E4A234C6F8B00CF154F /* FiraSans-Medium.ttf */; };
		8BBD192623101427004E59C9 /* libReactNativeConfig.a in Frameworks */ = {isa = PBXBuildFile; fileRef = 8BBD19232310141A004E59C9 /* libReactNativeConfig.a */; };
		8BBD192723101432004E59C9 /* libRNPDFLib.a in Frameworks */ = {isa = PBXBuildFile; fileRef = 8BBD191C2310140D004E59C9 /* libRNPDFLib.a */; };
		8BBD199223101A90004E59C9 /* PdfPassword.m in Sources */ = {isa = PBXBuildFile; fileRef = 8BBD199123101A90004E59C9 /* PdfPassword.m */; };
/* End PBXBuildFile section */

/* Begin PBXContainerItemProxy section */
		8B24F62B2330B5EF00CD8C30 /* PBXContainerItemProxy */ = {
			isa = PBXContainerItemProxy;
			containerPortal = 21D75C57D76441A6BB9CE536 /* RCTPrivacySnapshot.xcodeproj */;
			proxyType = 2;
			remoteGlobalIDString = DB1744351BC4C14D00D02B05;
			remoteInfo = RCTPrivacySnapshot;
		};
		8BBD18F1231013F7004E59C9 /* PBXContainerItemProxy */ = {
			isa = PBXContainerItemProxy;
			containerPortal = 8BBD18DE231013F7004E59C9 /* React.xcodeproj */;
			proxyType = 2;
			remoteGlobalIDString = 83CBBA2E1A601D0E00E9B192;
			remoteInfo = React;
		};
		8BBD18F3231013F7004E59C9 /* PBXContainerItemProxy */ = {
			isa = PBXContainerItemProxy;
			containerPortal = 8BBD18DE231013F7004E59C9 /* React.xcodeproj */;
			proxyType = 2;
			remoteGlobalIDString = 2D2A28131D9B038B00D4039D;
			remoteInfo = "React-tvOS";
		};
		8BBD18F5231013F7004E59C9 /* PBXContainerItemProxy */ = {
			isa = PBXContainerItemProxy;
			containerPortal = 8BBD18DE231013F7004E59C9 /* React.xcodeproj */;
			proxyType = 2;
			remoteGlobalIDString = 3D3C059A1DE3340900C268FA;
			remoteInfo = yoga;
		};
		8BBD18F7231013F7004E59C9 /* PBXContainerItemProxy */ = {
			isa = PBXContainerItemProxy;
			containerPortal = 8BBD18DE231013F7004E59C9 /* React.xcodeproj */;
			proxyType = 2;
			remoteGlobalIDString = 3D3C06751DE3340C00C268FA;
			remoteInfo = "yoga-tvOS";
		};
		8BBD18F9231013F7004E59C9 /* PBXContainerItemProxy */ = {
			isa = PBXContainerItemProxy;
			containerPortal = 8BBD18DE231013F7004E59C9 /* React.xcodeproj */;
			proxyType = 2;
			remoteGlobalIDString = 3D3CD9251DE5FBEC00167DC4;
			remoteInfo = cxxreact;
		};
		8BBD18FB231013F7004E59C9 /* PBXContainerItemProxy */ = {
			isa = PBXContainerItemProxy;
			containerPortal = 8BBD18DE231013F7004E59C9 /* React.xcodeproj */;
			proxyType = 2;
			remoteGlobalIDString = 3D3CD9321DE5FBEE00167DC4;
			remoteInfo = "cxxreact-tvOS";
		};
		8BBD18FD231013F7004E59C9 /* PBXContainerItemProxy */ = {
			isa = PBXContainerItemProxy;
			containerPortal = 8BBD18DE231013F7004E59C9 /* React.xcodeproj */;
			proxyType = 2;
			remoteGlobalIDString = EBF21BDC1FC498900052F4D5;
			remoteInfo = jsinspector;
		};
		8BBD18FF231013F7004E59C9 /* PBXContainerItemProxy */ = {
			isa = PBXContainerItemProxy;
			containerPortal = 8BBD18DE231013F7004E59C9 /* React.xcodeproj */;
			proxyType = 2;
			remoteGlobalIDString = EBF21BFA1FC4989A0052F4D5;
			remoteInfo = "jsinspector-tvOS";
		};
		8BBD1901231013F7004E59C9 /* PBXContainerItemProxy */ = {
			isa = PBXContainerItemProxy;
			containerPortal = 8BBD18DE231013F7004E59C9 /* React.xcodeproj */;
			proxyType = 2;
			remoteGlobalIDString = 139D7ECE1E25DB7D00323FB7;
			remoteInfo = "third-party";
		};
		8BBD1903231013F7004E59C9 /* PBXContainerItemProxy */ = {
			isa = PBXContainerItemProxy;
			containerPortal = 8BBD18DE231013F7004E59C9 /* React.xcodeproj */;
			proxyType = 2;
			remoteGlobalIDString = 3D383D3C1EBD27B6005632C8;
			remoteInfo = "third-party-tvOS";
		};
		8BBD1905231013F7004E59C9 /* PBXContainerItemProxy */ = {
			isa = PBXContainerItemProxy;
			containerPortal = 8BBD18DE231013F7004E59C9 /* React.xcodeproj */;
			proxyType = 2;
			remoteGlobalIDString = 139D7E881E25C6D100323FB7;
			remoteInfo = "double-conversion";
		};
		8BBD1907231013F7004E59C9 /* PBXContainerItemProxy */ = {
			isa = PBXContainerItemProxy;
			containerPortal = 8BBD18DE231013F7004E59C9 /* React.xcodeproj */;
			proxyType = 2;
			remoteGlobalIDString = 3D383D621EBD27B9005632C8;
			remoteInfo = "double-conversion-tvOS";
		};
		8BBD1909231013F7004E59C9 /* PBXContainerItemProxy */ = {
			isa = PBXContainerItemProxy;
			containerPortal = 8BBD18DE231013F7004E59C9 /* React.xcodeproj */;
			proxyType = 2;
			remoteGlobalIDString = EDEBC6D6214B3E7000DD5AC8;
			remoteInfo = jsi;
		};
		8BBD190B231013F7004E59C9 /* PBXContainerItemProxy */ = {
			isa = PBXContainerItemProxy;
			containerPortal = 8BBD18DE231013F7004E59C9 /* React.xcodeproj */;
			proxyType = 2;
			remoteGlobalIDString = EDEBC73B214B45A300DD5AC8;
			remoteInfo = jsiexecutor;
		};
		8BBD190D231013F7004E59C9 /* PBXContainerItemProxy */ = {
			isa = PBXContainerItemProxy;
			containerPortal = 8BBD18DE231013F7004E59C9 /* React.xcodeproj */;
			proxyType = 2;
			remoteGlobalIDString = ED296FB6214C9A0900B7C4FE;
			remoteInfo = "jsi-tvOS";
		};
		8BBD190F231013F7004E59C9 /* PBXContainerItemProxy */ = {
			isa = PBXContainerItemProxy;
			containerPortal = 8BBD18DE231013F7004E59C9 /* React.xcodeproj */;
			proxyType = 2;
			remoteGlobalIDString = ED296FEE214C9CF800B7C4FE;
			remoteInfo = "jsiexecutor-tvOS";
		};
		8BBD191B2310140D004E59C9 /* PBXContainerItemProxy */ = {
			isa = PBXContainerItemProxy;
			containerPortal = 8BBD19172310140D004E59C9 /* RNPDFLib.xcodeproj */;
			proxyType = 2;
			remoteGlobalIDString = 134814201AA4EA6300B7C361;
			remoteInfo = RNPdfLib;
		};
		8BBD19222310141A004E59C9 /* PBXContainerItemProxy */ = {
			isa = PBXContainerItemProxy;
			containerPortal = 8BBD191D2310141A004E59C9 /* ReactNativeConfig.xcodeproj */;
			proxyType = 2;
			remoteGlobalIDString = EB2648DF1C7BE17A00B8F155;
			remoteInfo = ReactNativeConfig;
		};
		8BBD19242310141A004E59C9 /* PBXContainerItemProxy */ = {
			isa = PBXContainerItemProxy;
			containerPortal = 8BBD191D2310141A004E59C9 /* ReactNativeConfig.xcodeproj */;
			proxyType = 2;
			remoteGlobalIDString = 3DF7F6AC203AA09B00D0EAB7;
			remoteInfo = "ReactNativeConfig-tvOS";
		};
/* End PBXContainerItemProxy section */

/* Begin PBXFileReference section */
		008F07F21AC5B25A0029DE68 /* main.jsbundle */ = {isa = PBXFileReference; fileEncoding = 4; lastKnownFileType = text; path = main.jsbundle; sourceTree = "<group>"; };
		00E356F11AD99517003FC87E /* Info.plist */ = {isa = PBXFileReference; lastKnownFileType = text.plist.xml; path = Info.plist; sourceTree = "<group>"; };
		00E356F21AD99517003FC87E /* HexaWalletTests.m */ = {isa = PBXFileReference; lastKnownFileType = sourcecode.c.objc; path = HexaWalletTests.m; sourceTree = "<group>"; };
		08D21977A76FC8E2356D8D31 /* Pods-HexaWallet-tvOSTests.release.xcconfig */ = {isa = PBXFileReference; includeInIndex = 1; lastKnownFileType = text.xcconfig; name = "Pods-HexaWallet-tvOSTests.release.xcconfig"; path = "Target Support Files/Pods-HexaWallet-tvOSTests/Pods-HexaWallet-tvOSTests.release.xcconfig"; sourceTree = "<group>"; };
		0D49BE9F9D20586464959BA6 /* libPods-HexaWallet.a */ = {isa = PBXFileReference; explicitFileType = archive.ar; includeInIndex = 0; path = "libPods-HexaWallet.a"; sourceTree = BUILT_PRODUCTS_DIR; };
		13B07F961A680F5B00A75B9A /* HexaWallet.app */ = {isa = PBXFileReference; explicitFileType = wrapper.application; includeInIndex = 0; path = HexaWallet.app; sourceTree = BUILT_PRODUCTS_DIR; };
		13B07FAF1A68108700A75B9A /* AppDelegate.h */ = {isa = PBXFileReference; fileEncoding = 4; lastKnownFileType = sourcecode.c.h; name = AppDelegate.h; path = HexaWallet/AppDelegate.h; sourceTree = "<group>"; };
		13B07FB01A68108700A75B9A /* AppDelegate.m */ = {isa = PBXFileReference; fileEncoding = 4; lastKnownFileType = sourcecode.c.objc; name = AppDelegate.m; path = HexaWallet/AppDelegate.m; sourceTree = "<group>"; };
		13B07FB21A68108700A75B9A /* Base */ = {isa = PBXFileReference; lastKnownFileType = file.xib; name = Base; path = Base.lproj/LaunchScreen.xib; sourceTree = "<group>"; };
		13B07FB51A68108700A75B9A /* Images.xcassets */ = {isa = PBXFileReference; lastKnownFileType = folder.assetcatalog; name = Images.xcassets; path = HexaWallet/Images.xcassets; sourceTree = "<group>"; };
		13B07FB61A68108700A75B9A /* Info.plist */ = {isa = PBXFileReference; fileEncoding = 4; lastKnownFileType = text.plist.xml; name = Info.plist; path = HexaWallet/Info.plist; sourceTree = "<group>"; };
		13B07FB71A68108700A75B9A /* main.m */ = {isa = PBXFileReference; fileEncoding = 4; lastKnownFileType = sourcecode.c.objc; name = main.m; path = HexaWallet/main.m; sourceTree = "<group>"; };
		21D75C57D76441A6BB9CE536 /* RCTPrivacySnapshot.xcodeproj */ = {isa = PBXFileReference; explicitFileType = undefined; fileEncoding = 9; includeInIndex = 0; lastKnownFileType = "wrapper.pb-project"; name = RCTPrivacySnapshot.xcodeproj; path = "../node_modules/react-native-privacy-snapshot/RCTPrivacySnapshot.xcodeproj"; sourceTree = "<group>"; };
		23D14EF8E3454735827D556A /* libRCTPrivacySnapshot.a */ = {isa = PBXFileReference; explicitFileType = undefined; fileEncoding = 9; includeInIndex = 0; lastKnownFileType = archive.ar; path = libRCTPrivacySnapshot.a; sourceTree = "<group>"; };
		3D31F1B3AB269104D1414B62 /* libPods-HexaWallet-tvOS.a */ = {isa = PBXFileReference; explicitFileType = archive.ar; includeInIndex = 0; path = "libPods-HexaWallet-tvOS.a"; sourceTree = BUILT_PRODUCTS_DIR; };
		472F985D83234BEE40584647 /* Pods-HexaWallet-tvOSTests.debug.xcconfig */ = {isa = PBXFileReference; includeInIndex = 1; lastKnownFileType = text.xcconfig; name = "Pods-HexaWallet-tvOSTests.debug.xcconfig"; path = "Target Support Files/Pods-HexaWallet-tvOSTests/Pods-HexaWallet-tvOSTests.debug.xcconfig"; sourceTree = "<group>"; };
		4EBC5F16336C030D7A714F76 /* libPods-HexaWallet-tvOSTests.a */ = {isa = PBXFileReference; explicitFileType = archive.ar; includeInIndex = 0; path = "libPods-HexaWallet-tvOSTests.a"; sourceTree = BUILT_PRODUCTS_DIR; };
		8AEC10BA56E03DB34236F63B /* Pods-HexaWallet.debug.xcconfig */ = {isa = PBXFileReference; includeInIndex = 1; lastKnownFileType = text.xcconfig; name = "Pods-HexaWallet.debug.xcconfig"; path = "Target Support Files/Pods-HexaWallet/Pods-HexaWallet.debug.xcconfig"; sourceTree = "<group>"; };
		8B24F6412330BA8000CD8C30 /* ScreenRecordingDetector.h */ = {isa = PBXFileReference; lastKnownFileType = sourcecode.c.h; path = ScreenRecordingDetector.h; sourceTree = "<group>"; };
		8B24F6422330BA8000CD8C30 /* ScreenRecordingDetector.m */ = {isa = PBXFileReference; lastKnownFileType = sourcecode.c.objc; path = ScreenRecordingDetector.m; sourceTree = "<group>"; };
		8BB54E45234C6F8A00CF154F /* FiraSans-Bold.ttf */ = {isa = PBXFileReference; lastKnownFileType = file; name = "FiraSans-Bold.ttf"; path = "../src/assets/fonts/firaSans/FiraSans-Bold.ttf"; sourceTree = "<group>"; };
		8BB54E46234C6F8A00CF154F /* FiraSans-BookItalic.ttf */ = {isa = PBXFileReference; lastKnownFileType = file; name = "FiraSans-BookItalic.ttf"; path = "../src/assets/fonts/firaSans/FiraSans-BookItalic.ttf"; sourceTree = "<group>"; };
		8BB54E47234C6F8A00CF154F /* FiraSans-Italic.ttf */ = {isa = PBXFileReference; lastKnownFileType = file; name = "FiraSans-Italic.ttf"; path = "../src/assets/fonts/firaSans/FiraSans-Italic.ttf"; sourceTree = "<group>"; };
		8BB54E48234C6F8A00CF154F /* FiraSans-Regular.ttf */ = {isa = PBXFileReference; lastKnownFileType = file; name = "FiraSans-Regular.ttf"; path = "../src/assets/fonts/firaSans/FiraSans-Regular.ttf"; sourceTree = "<group>"; };
		8BB54E49234C6F8B00CF154F /* FiraSans-SemiBold.ttf */ = {isa = PBXFileReference; lastKnownFileType = file; name = "FiraSans-SemiBold.ttf"; path = "../src/assets/fonts/firaSans/FiraSans-SemiBold.ttf"; sourceTree = "<group>"; };
		8BB54E4A234C6F8B00CF154F /* FiraSans-Medium.ttf */ = {isa = PBXFileReference; lastKnownFileType = file; name = "FiraSans-Medium.ttf"; path = "../src/assets/fonts/firaSans/FiraSans-Medium.ttf"; sourceTree = "<group>"; };
		8BBD18DE231013F7004E59C9 /* React.xcodeproj */ = {isa = PBXFileReference; lastKnownFileType = "wrapper.pb-project"; name = React.xcodeproj; path = "../node_modules/react-native/React/React.xcodeproj"; sourceTree = "<group>"; };
		8BBD19172310140D004E59C9 /* RNPDFLib.xcodeproj */ = {isa = PBXFileReference; lastKnownFileType = "wrapper.pb-project"; name = RNPDFLib.xcodeproj; path = "../node_modules/react-native-pdf-lib/ios/RNPDFLib.xcodeproj"; sourceTree = "<group>"; };
		8BBD191D2310141A004E59C9 /* ReactNativeConfig.xcodeproj */ = {isa = PBXFileReference; lastKnownFileType = "wrapper.pb-project"; name = ReactNativeConfig.xcodeproj; path = "../node_modules/react-native-config/ios/ReactNativeConfig.xcodeproj"; sourceTree = "<group>"; };
		8BBD1978231017C4004E59C9 /* HexaWallet.entitlements */ = {isa = PBXFileReference; lastKnownFileType = text.plist.entitlements; name = HexaWallet.entitlements; path = HexaWallet/HexaWallet.entitlements; sourceTree = "<group>"; };
		8BBD197D23101A90004E59C9 /* PdfPassword.h */ = {isa = PBXFileReference; fileEncoding = 4; lastKnownFileType = sourcecode.c.h; path = PdfPassword.h; sourceTree = "<group>"; };
		8BBD199123101A90004E59C9 /* PdfPassword.m */ = {isa = PBXFileReference; fileEncoding = 4; lastKnownFileType = sourcecode.c.objc; path = PdfPassword.m; sourceTree = "<group>"; };
		986688CA25EDE4DDC321F9C7 /* Pods-HexaWallet-tvOS.release.xcconfig */ = {isa = PBXFileReference; includeInIndex = 1; lastKnownFileType = text.xcconfig; name = "Pods-HexaWallet-tvOS.release.xcconfig"; path = "Target Support Files/Pods-HexaWallet-tvOS/Pods-HexaWallet-tvOS.release.xcconfig"; sourceTree = "<group>"; };
		9969BC20D17C4819851B5C05 /* libRCTBrowser.a */ = {isa = PBXFileReference; explicitFileType = undefined; fileEncoding = 9; includeInIndex = 0; lastKnownFileType = archive.ar; path = libRCTBrowser.a; sourceTree = "<group>"; };
		A2BC80D283AC4684A81C5F1E /* RCTBrowserTests.xctest */ = {isa = PBXFileReference; explicitFileType = undefined; fileEncoding = 9; includeInIndex = 0; lastKnownFileType = wrapper.cfbundle; path = RCTBrowserTests.xctest; sourceTree = "<group>"; };
		A3587E7487252EA2C524B4C7 /* Pods-HexaWallet-tvOS.debug.xcconfig */ = {isa = PBXFileReference; includeInIndex = 1; lastKnownFileType = text.xcconfig; name = "Pods-HexaWallet-tvOS.debug.xcconfig"; path = "Target Support Files/Pods-HexaWallet-tvOS/Pods-HexaWallet-tvOS.debug.xcconfig"; sourceTree = "<group>"; };
		B8143AE7534EA7B7558CAAAE /* Pods-HexaWalletTests.debug.xcconfig */ = {isa = PBXFileReference; includeInIndex = 1; lastKnownFileType = text.xcconfig; name = "Pods-HexaWalletTests.debug.xcconfig"; path = "Target Support Files/Pods-HexaWalletTests/Pods-HexaWalletTests.debug.xcconfig"; sourceTree = "<group>"; };
		CC1F59C28DECB2843DDC0058 /* Pods-HexaWallet.release.xcconfig */ = {isa = PBXFileReference; includeInIndex = 1; lastKnownFileType = text.xcconfig; name = "Pods-HexaWallet.release.xcconfig"; path = "Target Support Files/Pods-HexaWallet/Pods-HexaWallet.release.xcconfig"; sourceTree = "<group>"; };
		D580CB025F8065DFF2E975DB /* Pods-HexaWalletTests.release.xcconfig */ = {isa = PBXFileReference; includeInIndex = 1; lastKnownFileType = text.xcconfig; name = "Pods-HexaWalletTests.release.xcconfig"; path = "Target Support Files/Pods-HexaWalletTests/Pods-HexaWalletTests.release.xcconfig"; sourceTree = "<group>"; };
		E90CCF84FBE0D92C5F1D6763 /* libPods-HexaWalletTests.a */ = {isa = PBXFileReference; explicitFileType = archive.ar; includeInIndex = 0; path = "libPods-HexaWalletTests.a"; sourceTree = BUILT_PRODUCTS_DIR; };
		ED297162215061F000B7C4FE /* JavaScriptCore.framework */ = {isa = PBXFileReference; lastKnownFileType = wrapper.framework; name = JavaScriptCore.framework; path = System/Library/Frameworks/JavaScriptCore.framework; sourceTree = SDKROOT; };
		ED2971642150620600B7C4FE /* JavaScriptCore.framework */ = {isa = PBXFileReference; lastKnownFileType = wrapper.framework; name = JavaScriptCore.framework; path = Platforms/AppleTVOS.platform/Developer/SDKs/AppleTVOS12.0.sdk/System/Library/Frameworks/JavaScriptCore.framework; sourceTree = DEVELOPER_DIR; };
/* End PBXFileReference section */

/* Begin PBXFrameworksBuildPhase section */
		13B07F8C1A680F5B00A75B9A /* Frameworks */ = {
			isa = PBXFrameworksBuildPhase;
			buildActionMask = 2147483647;
			files = (
				49FBCCF72C5CBD46C326548D /* libPods-HexaWallet.a in Frameworks */,
				8BBD192623101427004E59C9 /* libReactNativeConfig.a in Frameworks */,
				8BBD192723101432004E59C9 /* libRNPDFLib.a in Frameworks */,
				8B24F6402330B61100CD8C30 /* libRCTPrivacySnapshot.a in Frameworks */,
			);
			runOnlyForDeploymentPostprocessing = 0;
		};
/* End PBXFrameworksBuildPhase section */

/* Begin PBXGroup section */
		00E356EF1AD99517003FC87E /* HexaWalletTests */ = {
			isa = PBXGroup;
			children = (
				00E356F21AD99517003FC87E /* HexaWalletTests.m */,
				00E356F01AD99517003FC87E /* Supporting Files */,
			);
			path = HexaWalletTests;
			sourceTree = "<group>";
		};
		00E356F01AD99517003FC87E /* Supporting Files */ = {
			isa = PBXGroup;
			children = (
				00E356F11AD99517003FC87E /* Info.plist */,
			);
			name = "Supporting Files";
			sourceTree = "<group>";
		};
		13B07FAE1A68108700A75B9A /* HexaWallet */ = {
			isa = PBXGroup;
			children = (
				8BBD197D23101A90004E59C9 /* PdfPassword.h */,
				8BBD199123101A90004E59C9 /* PdfPassword.m */,
				8BBD1978231017C4004E59C9 /* HexaWallet.entitlements */,
				008F07F21AC5B25A0029DE68 /* main.jsbundle */,
				13B07FAF1A68108700A75B9A /* AppDelegate.h */,
				13B07FB01A68108700A75B9A /* AppDelegate.m */,
				13B07FB51A68108700A75B9A /* Images.xcassets */,
				13B07FB61A68108700A75B9A /* Info.plist */,
				13B07FB11A68108700A75B9A /* LaunchScreen.xib */,
				13B07FB71A68108700A75B9A /* main.m */,
				8B24F6412330BA8000CD8C30 /* ScreenRecordingDetector.h */,
				8B24F6422330BA8000CD8C30 /* ScreenRecordingDetector.m */,
			);
			name = HexaWallet;
			sourceTree = "<group>";
		};
		2D16E6871FA4F8E400B85C8A /* Frameworks */ = {
			isa = PBXGroup;
			children = (
				ED297162215061F000B7C4FE /* JavaScriptCore.framework */,
				ED2971642150620600B7C4FE /* JavaScriptCore.framework */,
				0D49BE9F9D20586464959BA6 /* libPods-HexaWallet.a */,
				3D31F1B3AB269104D1414B62 /* libPods-HexaWallet-tvOS.a */,
				4EBC5F16336C030D7A714F76 /* libPods-HexaWallet-tvOSTests.a */,
				E90CCF84FBE0D92C5F1D6763 /* libPods-HexaWalletTests.a */,
			);
			name = Frameworks;
			sourceTree = "<group>";
		};
		832341AE1AAA6A7D00B99B32 /* Libraries */ = {
			isa = PBXGroup;
			children = (
				8BBD191D2310141A004E59C9 /* ReactNativeConfig.xcodeproj */,
				8BBD19172310140D004E59C9 /* RNPDFLib.xcodeproj */,
				8BBD18DE231013F7004E59C9 /* React.xcodeproj */,
				21D75C57D76441A6BB9CE536 /* RCTPrivacySnapshot.xcodeproj */,
			);
			name = Libraries;
			sourceTree = "<group>";
		};
		83CBB9F61A601CBA00E9B192 = {
			isa = PBXGroup;
			children = (
				13B07FAE1A68108700A75B9A /* HexaWallet */,
				832341AE1AAA6A7D00B99B32 /* Libraries */,
				00E356EF1AD99517003FC87E /* HexaWalletTests */,
				83CBBA001A601CBA00E9B192 /* Products */,
				2D16E6871FA4F8E400B85C8A /* Frameworks */,
				A4DD84509103C67C6196B6FC /* Pods */,
				9497E6A00FFA48EB90377A37 /* Resources */,
				8BC9314F23228087004D1662 /* Recovered References */,
			);
			indentWidth = 2;
			sourceTree = "<group>";
			tabWidth = 2;
			usesTabs = 0;
		};
		83CBBA001A601CBA00E9B192 /* Products */ = {
			isa = PBXGroup;
			children = (
				13B07F961A680F5B00A75B9A /* HexaWallet.app */,
			);
			name = Products;
			sourceTree = "<group>";
		};
		8B24F6282330B5EF00CD8C30 /* Products */ = {
			isa = PBXGroup;
			children = (
				8B24F62C2330B5EF00CD8C30 /* libRCTPrivacySnapshot.a */,
			);
			name = Products;
			sourceTree = "<group>";
		};
		8BBD18DF231013F7004E59C9 /* Products */ = {
			isa = PBXGroup;
			children = (
				8BBD18F2231013F7004E59C9 /* libReact.a */,
				8BBD18F4231013F7004E59C9 /* libReact.a */,
				8BBD18F6231013F7004E59C9 /* libyoga.a */,
				8BBD18F8231013F7004E59C9 /* libyoga.a */,
				8BBD18FA231013F7004E59C9 /* libcxxreact.a */,
				8BBD18FC231013F7004E59C9 /* libcxxreact.a */,
				8BBD18FE231013F7004E59C9 /* libjsinspector.a */,
				8BBD1900231013F7004E59C9 /* libjsinspector-tvOS.a */,
				8BBD1902231013F7004E59C9 /* libthird-party.a */,
				8BBD1904231013F7004E59C9 /* libthird-party.a */,
				8BBD1906231013F7004E59C9 /* libdouble-conversion.a */,
				8BBD1908231013F7004E59C9 /* libdouble-conversion.a */,
				8BBD190A231013F7004E59C9 /* libjsi.a */,
				8BBD190C231013F7004E59C9 /* libjsiexecutor.a */,
				8BBD190E231013F7004E59C9 /* libjsi-tvOS.a */,
				8BBD1910231013F7004E59C9 /* libjsiexecutor-tvOS.a */,
			);
			name = Products;
			sourceTree = "<group>";
		};
		8BBD19182310140D004E59C9 /* Products */ = {
			isa = PBXGroup;
			children = (
				8BBD191C2310140D004E59C9 /* libRNPDFLib.a */,
			);
			name = Products;
			sourceTree = "<group>";
		};
		8BBD191E2310141A004E59C9 /* Products */ = {
			isa = PBXGroup;
			children = (
				8BBD19232310141A004E59C9 /* libReactNativeConfig.a */,
				8BBD19252310141A004E59C9 /* libReactNativeConfig-tvOS.a */,
			);
			name = Products;
			sourceTree = "<group>";
		};
		8BC9314F23228087004D1662 /* Recovered References */ = {
			isa = PBXGroup;
			children = (
				9969BC20D17C4819851B5C05 /* libRCTBrowser.a */,
				A2BC80D283AC4684A81C5F1E /* RCTBrowserTests.xctest */,
				23D14EF8E3454735827D556A /* libRCTPrivacySnapshot.a */,
			);
			name = "Recovered References";
			sourceTree = "<group>";
		};
		9497E6A00FFA48EB90377A37 /* Resources */ = {
			isa = PBXGroup;
			children = (
				8BB54E45234C6F8A00CF154F /* FiraSans-Bold.ttf */,
				8BB54E46234C6F8A00CF154F /* FiraSans-BookItalic.ttf */,
				8BB54E47234C6F8A00CF154F /* FiraSans-Italic.ttf */,
				8BB54E4A234C6F8B00CF154F /* FiraSans-Medium.ttf */,
				8BB54E48234C6F8A00CF154F /* FiraSans-Regular.ttf */,
				8BB54E49234C6F8B00CF154F /* FiraSans-SemiBold.ttf */,
			);
			name = Resources;
			sourceTree = "<group>";
		};
		A4DD84509103C67C6196B6FC /* Pods */ = {
			isa = PBXGroup;
			children = (
				8AEC10BA56E03DB34236F63B /* Pods-HexaWallet.debug.xcconfig */,
				CC1F59C28DECB2843DDC0058 /* Pods-HexaWallet.release.xcconfig */,
				A3587E7487252EA2C524B4C7 /* Pods-HexaWallet-tvOS.debug.xcconfig */,
				986688CA25EDE4DDC321F9C7 /* Pods-HexaWallet-tvOS.release.xcconfig */,
				472F985D83234BEE40584647 /* Pods-HexaWallet-tvOSTests.debug.xcconfig */,
				08D21977A76FC8E2356D8D31 /* Pods-HexaWallet-tvOSTests.release.xcconfig */,
				B8143AE7534EA7B7558CAAAE /* Pods-HexaWalletTests.debug.xcconfig */,
				D580CB025F8065DFF2E975DB /* Pods-HexaWalletTests.release.xcconfig */,
			);
			path = Pods;
			sourceTree = "<group>";
		};
/* End PBXGroup section */

/* Begin PBXNativeTarget section */
		13B07F861A680F5B00A75B9A /* HexaWallet */ = {
			isa = PBXNativeTarget;
			buildConfigurationList = 13B07F931A680F5B00A75B9A /* Build configuration list for PBXNativeTarget "HexaWallet" */;
			buildPhases = (
				8A388FA79507E344E81D7483 /* [CP] Check Pods Manifest.lock */,
				FD10A7F022414F080027D42C /* Start Packager */,
				13B07F871A680F5B00A75B9A /* Sources */,
				13B07F8C1A680F5B00A75B9A /* Frameworks */,
				13B07F8E1A680F5B00A75B9A /* Resources */,
				00DD1BFF1BD5951E006B06BC /* Bundle React Native code and images */,
				027950F55041E7DA11C25473 /* [CP] Copy Pods Resources */,
				8BBD19772310179E004E59C9 /* ShellScript */,
			);
			buildRules = (
			);
			dependencies = (
			);
			name = HexaWallet;
			productName = HexaWallet;
			productReference = 13B07F961A680F5B00A75B9A /* HexaWallet.app */;
			productType = "com.apple.product-type.application";
		};
/* End PBXNativeTarget section */

/* Begin PBXProject section */
		83CBB9F71A601CBA00E9B192 /* Project object */ = {
			isa = PBXProject;
			attributes = {
				LastUpgradeCheck = 940;
				ORGANIZATIONNAME = Facebook;
				TargetAttributes = {
					13B07F861A680F5B00A75B9A = {
						DevelopmentTeam = Y5TCB759QL;
						SystemCapabilities = {
							com.apple.SafariKeychain = {
								enabled = 1;
							};
						};
					};
				};
			};
			buildConfigurationList = 83CBB9FA1A601CBA00E9B192 /* Build configuration list for PBXProject "HexaWallet" */;
			compatibilityVersion = "Xcode 3.2";
			developmentRegion = English;
			hasScannedForEncodings = 0;
			knownRegions = (
				English,
				en,
				Base,
			);
			mainGroup = 83CBB9F61A601CBA00E9B192;
			productRefGroup = 83CBBA001A601CBA00E9B192 /* Products */;
			projectDirPath = "";
			projectReferences = (
				{
					ProductGroup = 8B24F6282330B5EF00CD8C30 /* Products */;
					ProjectRef = 21D75C57D76441A6BB9CE536 /* RCTPrivacySnapshot.xcodeproj */;
				},
				{
					ProductGroup = 8BBD18DF231013F7004E59C9 /* Products */;
					ProjectRef = 8BBD18DE231013F7004E59C9 /* React.xcodeproj */;
				},
				{
					ProductGroup = 8BBD191E2310141A004E59C9 /* Products */;
					ProjectRef = 8BBD191D2310141A004E59C9 /* ReactNativeConfig.xcodeproj */;
				},
				{
					ProductGroup = 8BBD19182310140D004E59C9 /* Products */;
					ProjectRef = 8BBD19172310140D004E59C9 /* RNPDFLib.xcodeproj */;
				},
			);
			projectRoot = "";
			targets = (
				13B07F861A680F5B00A75B9A /* HexaWallet */,
			);
		};
/* End PBXProject section */

/* Begin PBXReferenceProxy section */
		8B24F62C2330B5EF00CD8C30 /* libRCTPrivacySnapshot.a */ = {
			isa = PBXReferenceProxy;
			fileType = archive.ar;
			path = libRCTPrivacySnapshot.a;
			remoteRef = 8B24F62B2330B5EF00CD8C30 /* PBXContainerItemProxy */;
			sourceTree = BUILT_PRODUCTS_DIR;
		};
		8BBD18F2231013F7004E59C9 /* libReact.a */ = {
			isa = PBXReferenceProxy;
			fileType = archive.ar;
			path = libReact.a;
			remoteRef = 8BBD18F1231013F7004E59C9 /* PBXContainerItemProxy */;
			sourceTree = BUILT_PRODUCTS_DIR;
		};
		8BBD18F4231013F7004E59C9 /* libReact.a */ = {
			isa = PBXReferenceProxy;
			fileType = archive.ar;
			path = libReact.a;
			remoteRef = 8BBD18F3231013F7004E59C9 /* PBXContainerItemProxy */;
			sourceTree = BUILT_PRODUCTS_DIR;
		};
		8BBD18F6231013F7004E59C9 /* libyoga.a */ = {
			isa = PBXReferenceProxy;
			fileType = archive.ar;
			path = libyoga.a;
			remoteRef = 8BBD18F5231013F7004E59C9 /* PBXContainerItemProxy */;
			sourceTree = BUILT_PRODUCTS_DIR;
		};
		8BBD18F8231013F7004E59C9 /* libyoga.a */ = {
			isa = PBXReferenceProxy;
			fileType = archive.ar;
			path = libyoga.a;
			remoteRef = 8BBD18F7231013F7004E59C9 /* PBXContainerItemProxy */;
			sourceTree = BUILT_PRODUCTS_DIR;
		};
		8BBD18FA231013F7004E59C9 /* libcxxreact.a */ = {
			isa = PBXReferenceProxy;
			fileType = archive.ar;
			path = libcxxreact.a;
			remoteRef = 8BBD18F9231013F7004E59C9 /* PBXContainerItemProxy */;
			sourceTree = BUILT_PRODUCTS_DIR;
		};
		8BBD18FC231013F7004E59C9 /* libcxxreact.a */ = {
			isa = PBXReferenceProxy;
			fileType = archive.ar;
			path = libcxxreact.a;
			remoteRef = 8BBD18FB231013F7004E59C9 /* PBXContainerItemProxy */;
			sourceTree = BUILT_PRODUCTS_DIR;
		};
		8BBD18FE231013F7004E59C9 /* libjsinspector.a */ = {
			isa = PBXReferenceProxy;
			fileType = archive.ar;
			path = libjsinspector.a;
			remoteRef = 8BBD18FD231013F7004E59C9 /* PBXContainerItemProxy */;
			sourceTree = BUILT_PRODUCTS_DIR;
		};
		8BBD1900231013F7004E59C9 /* libjsinspector-tvOS.a */ = {
			isa = PBXReferenceProxy;
			fileType = archive.ar;
			path = "libjsinspector-tvOS.a";
			remoteRef = 8BBD18FF231013F7004E59C9 /* PBXContainerItemProxy */;
			sourceTree = BUILT_PRODUCTS_DIR;
		};
		8BBD1902231013F7004E59C9 /* libthird-party.a */ = {
			isa = PBXReferenceProxy;
			fileType = archive.ar;
			path = "libthird-party.a";
			remoteRef = 8BBD1901231013F7004E59C9 /* PBXContainerItemProxy */;
			sourceTree = BUILT_PRODUCTS_DIR;
		};
		8BBD1904231013F7004E59C9 /* libthird-party.a */ = {
			isa = PBXReferenceProxy;
			fileType = archive.ar;
			path = "libthird-party.a";
			remoteRef = 8BBD1903231013F7004E59C9 /* PBXContainerItemProxy */;
			sourceTree = BUILT_PRODUCTS_DIR;
		};
		8BBD1906231013F7004E59C9 /* libdouble-conversion.a */ = {
			isa = PBXReferenceProxy;
			fileType = archive.ar;
			path = "libdouble-conversion.a";
			remoteRef = 8BBD1905231013F7004E59C9 /* PBXContainerItemProxy */;
			sourceTree = BUILT_PRODUCTS_DIR;
		};
		8BBD1908231013F7004E59C9 /* libdouble-conversion.a */ = {
			isa = PBXReferenceProxy;
			fileType = archive.ar;
			path = "libdouble-conversion.a";
			remoteRef = 8BBD1907231013F7004E59C9 /* PBXContainerItemProxy */;
			sourceTree = BUILT_PRODUCTS_DIR;
		};
		8BBD190A231013F7004E59C9 /* libjsi.a */ = {
			isa = PBXReferenceProxy;
			fileType = archive.ar;
			path = libjsi.a;
			remoteRef = 8BBD1909231013F7004E59C9 /* PBXContainerItemProxy */;
			sourceTree = BUILT_PRODUCTS_DIR;
		};
		8BBD190C231013F7004E59C9 /* libjsiexecutor.a */ = {
			isa = PBXReferenceProxy;
			fileType = archive.ar;
			path = libjsiexecutor.a;
			remoteRef = 8BBD190B231013F7004E59C9 /* PBXContainerItemProxy */;
			sourceTree = BUILT_PRODUCTS_DIR;
		};
		8BBD190E231013F7004E59C9 /* libjsi-tvOS.a */ = {
			isa = PBXReferenceProxy;
			fileType = archive.ar;
			path = "libjsi-tvOS.a";
			remoteRef = 8BBD190D231013F7004E59C9 /* PBXContainerItemProxy */;
			sourceTree = BUILT_PRODUCTS_DIR;
		};
		8BBD1910231013F7004E59C9 /* libjsiexecutor-tvOS.a */ = {
			isa = PBXReferenceProxy;
			fileType = archive.ar;
			path = "libjsiexecutor-tvOS.a";
			remoteRef = 8BBD190F231013F7004E59C9 /* PBXContainerItemProxy */;
			sourceTree = BUILT_PRODUCTS_DIR;
		};
		8BBD191C2310140D004E59C9 /* libRNPDFLib.a */ = {
			isa = PBXReferenceProxy;
			fileType = archive.ar;
			path = libRNPDFLib.a;
			remoteRef = 8BBD191B2310140D004E59C9 /* PBXContainerItemProxy */;
			sourceTree = BUILT_PRODUCTS_DIR;
		};
		8BBD19232310141A004E59C9 /* libReactNativeConfig.a */ = {
			isa = PBXReferenceProxy;
			fileType = archive.ar;
			path = libReactNativeConfig.a;
			remoteRef = 8BBD19222310141A004E59C9 /* PBXContainerItemProxy */;
			sourceTree = BUILT_PRODUCTS_DIR;
		};
		8BBD19252310141A004E59C9 /* libReactNativeConfig-tvOS.a */ = {
			isa = PBXReferenceProxy;
			fileType = archive.ar;
			path = "libReactNativeConfig-tvOS.a";
			remoteRef = 8BBD19242310141A004E59C9 /* PBXContainerItemProxy */;
			sourceTree = BUILT_PRODUCTS_DIR;
		};
/* End PBXReferenceProxy section */

/* Begin PBXResourcesBuildPhase section */
		13B07F8E1A680F5B00A75B9A /* Resources */ = {
			isa = PBXResourcesBuildPhase;
			buildActionMask = 2147483647;
			files = (
				8BB54E4E234C6F8B00CF154F /* FiraSans-Regular.ttf in Resources */,
				8B075B7A23194CAA00CE9636 /* HexaWallet.entitlements in Resources */,
				13B07FBF1A68108700A75B9A /* Images.xcassets in Resources */,
				8BB54E4B234C6F8B00CF154F /* FiraSans-Bold.ttf in Resources */,
				8BB54E4F234C6F8B00CF154F /* FiraSans-SemiBold.ttf in Resources */,
				8BB54E4D234C6F8B00CF154F /* FiraSans-Italic.ttf in Resources */,
				13B07FBD1A68108700A75B9A /* LaunchScreen.xib in Resources */,
				8BB54E4C234C6F8B00CF154F /* FiraSans-BookItalic.ttf in Resources */,
				8BB54E50234C6F8B00CF154F /* FiraSans-Medium.ttf in Resources */,
			);
			runOnlyForDeploymentPostprocessing = 0;
		};
/* End PBXResourcesBuildPhase section */

/* Begin PBXShellScriptBuildPhase section */
		00DD1BFF1BD5951E006B06BC /* Bundle React Native code and images */ = {
			isa = PBXShellScriptBuildPhase;
			buildActionMask = 2147483647;
			files = (
			);
			inputPaths = (
			);
			name = "Bundle React Native code and images";
			outputPaths = (
			);
			runOnlyForDeploymentPostprocessing = 0;
			shellPath = /bin/sh;
			shellScript = "export NODE_BINARY=node\n../node_modules/react-native/scripts/react-native-xcode.sh\n";
		};
		027950F55041E7DA11C25473 /* [CP] Copy Pods Resources */ = {
			isa = PBXShellScriptBuildPhase;
			buildActionMask = 2147483647;
			files = (
			);
			inputFileListPaths = (
			);
			inputPaths = (
				"${PODS_ROOT}/Target Support Files/Pods-HexaWallet/Pods-HexaWallet-resources.sh",
				"${PODS_ROOT}/../../node_modules/react-native-vector-icons/Fonts/AntDesign.ttf",
				"${PODS_ROOT}/../../node_modules/react-native-vector-icons/Fonts/Entypo.ttf",
				"${PODS_ROOT}/../../node_modules/react-native-vector-icons/Fonts/EvilIcons.ttf",
				"${PODS_ROOT}/../../node_modules/react-native-vector-icons/Fonts/Feather.ttf",
				"${PODS_ROOT}/../../node_modules/react-native-vector-icons/Fonts/FontAwesome.ttf",
				"${PODS_ROOT}/../../node_modules/react-native-vector-icons/Fonts/FontAwesome5_Brands.ttf",
				"${PODS_ROOT}/../../node_modules/react-native-vector-icons/Fonts/FontAwesome5_Regular.ttf",
				"${PODS_ROOT}/../../node_modules/react-native-vector-icons/Fonts/FontAwesome5_Solid.ttf",
				"${PODS_ROOT}/../../node_modules/react-native-vector-icons/Fonts/Fontisto.ttf",
				"${PODS_ROOT}/../../node_modules/react-native-vector-icons/Fonts/Foundation.ttf",
				"${PODS_ROOT}/../../node_modules/react-native-vector-icons/Fonts/Ionicons.ttf",
				"${PODS_ROOT}/../../node_modules/react-native-vector-icons/Fonts/MaterialCommunityIcons.ttf",
				"${PODS_ROOT}/../../node_modules/react-native-vector-icons/Fonts/MaterialIcons.ttf",
				"${PODS_ROOT}/../../node_modules/react-native-vector-icons/Fonts/Octicons.ttf",
				"${PODS_ROOT}/../../node_modules/react-native-vector-icons/Fonts/SimpleLineIcons.ttf",
				"${PODS_ROOT}/../../node_modules/react-native-vector-icons/Fonts/Zocial.ttf",
			);
			name = "[CP] Copy Pods Resources";
			outputFileListPaths = (
			);
			outputPaths = (
				"${TARGET_BUILD_DIR}/${UNLOCALIZED_RESOURCES_FOLDER_PATH}/AntDesign.ttf",
				"${TARGET_BUILD_DIR}/${UNLOCALIZED_RESOURCES_FOLDER_PATH}/Entypo.ttf",
				"${TARGET_BUILD_DIR}/${UNLOCALIZED_RESOURCES_FOLDER_PATH}/EvilIcons.ttf",
				"${TARGET_BUILD_DIR}/${UNLOCALIZED_RESOURCES_FOLDER_PATH}/Feather.ttf",
				"${TARGET_BUILD_DIR}/${UNLOCALIZED_RESOURCES_FOLDER_PATH}/FontAwesome.ttf",
				"${TARGET_BUILD_DIR}/${UNLOCALIZED_RESOURCES_FOLDER_PATH}/FontAwesome5_Brands.ttf",
				"${TARGET_BUILD_DIR}/${UNLOCALIZED_RESOURCES_FOLDER_PATH}/FontAwesome5_Regular.ttf",
				"${TARGET_BUILD_DIR}/${UNLOCALIZED_RESOURCES_FOLDER_PATH}/FontAwesome5_Solid.ttf",
				"${TARGET_BUILD_DIR}/${UNLOCALIZED_RESOURCES_FOLDER_PATH}/Fontisto.ttf",
				"${TARGET_BUILD_DIR}/${UNLOCALIZED_RESOURCES_FOLDER_PATH}/Foundation.ttf",
				"${TARGET_BUILD_DIR}/${UNLOCALIZED_RESOURCES_FOLDER_PATH}/Ionicons.ttf",
				"${TARGET_BUILD_DIR}/${UNLOCALIZED_RESOURCES_FOLDER_PATH}/MaterialCommunityIcons.ttf",
				"${TARGET_BUILD_DIR}/${UNLOCALIZED_RESOURCES_FOLDER_PATH}/MaterialIcons.ttf",
				"${TARGET_BUILD_DIR}/${UNLOCALIZED_RESOURCES_FOLDER_PATH}/Octicons.ttf",
				"${TARGET_BUILD_DIR}/${UNLOCALIZED_RESOURCES_FOLDER_PATH}/SimpleLineIcons.ttf",
				"${TARGET_BUILD_DIR}/${UNLOCALIZED_RESOURCES_FOLDER_PATH}/Zocial.ttf",
			);
			runOnlyForDeploymentPostprocessing = 0;
			shellPath = /bin/sh;
			shellScript = "\"${PODS_ROOT}/Target Support Files/Pods-HexaWallet/Pods-HexaWallet-resources.sh\"\n";
			showEnvVarsInLog = 0;
		};
		8A388FA79507E344E81D7483 /* [CP] Check Pods Manifest.lock */ = {
			isa = PBXShellScriptBuildPhase;
			buildActionMask = 2147483647;
			files = (
			);
			inputFileListPaths = (
			);
			inputPaths = (
				"${PODS_PODFILE_DIR_PATH}/Podfile.lock",
				"${PODS_ROOT}/Manifest.lock",
			);
			name = "[CP] Check Pods Manifest.lock";
			outputFileListPaths = (
			);
			outputPaths = (
				"$(DERIVED_FILE_DIR)/Pods-HexaWallet-checkManifestLockResult.txt",
			);
			runOnlyForDeploymentPostprocessing = 0;
			shellPath = /bin/sh;
			shellScript = "diff \"${PODS_PODFILE_DIR_PATH}/Podfile.lock\" \"${PODS_ROOT}/Manifest.lock\" > /dev/null\nif [ $? != 0 ] ; then\n    # print error to STDERR\n    echo \"error: The sandbox is not in sync with the Podfile.lock. Run 'pod install' or update your CocoaPods installation.\" >&2\n    exit 1\nfi\n# This output is used by Xcode 'outputs' to avoid re-running this script phase.\necho \"SUCCESS\" > \"${SCRIPT_OUTPUT_FILE_0}\"\n";
			showEnvVarsInLog = 0;
		};
		8BBD19772310179E004E59C9 /* ShellScript */ = {
			isa = PBXShellScriptBuildPhase;
			buildActionMask = 2147483647;
			files = (
			);
			inputFileListPaths = (
			);
			inputPaths = (
			);
			outputFileListPaths = (
			);
			outputPaths = (
			);
			runOnlyForDeploymentPostprocessing = 0;
			shellPath = /bin/sh;
			shellScript = "\"${PODS_ROOT}/Fabric/run\" 2d0b58f102661fcabd3be54e6516854e2b0983f6 5ff81596b78d2fd264d271d822bf9760c4d965381143cdb66e81a8af9d05b14c\n";
		};
		FD10A7F022414F080027D42C /* Start Packager */ = {
			isa = PBXShellScriptBuildPhase;
			buildActionMask = 2147483647;
			files = (
			);
			inputFileListPaths = (
			);
			inputPaths = (
			);
			name = "Start Packager";
			outputFileListPaths = (
			);
			outputPaths = (
			);
			runOnlyForDeploymentPostprocessing = 0;
			shellPath = /bin/sh;
			shellScript = "export RCT_METRO_PORT=\"${RCT_METRO_PORT:=8081}\"\necho \"export RCT_METRO_PORT=${RCT_METRO_PORT}\" > \"${SRCROOT}/../node_modules/react-native/scripts/.packager.env\"\nif [ -z \"${RCT_NO_LAUNCH_PACKAGER+xxx}\" ] ; then\n  if nc -w 5 -z localhost ${RCT_METRO_PORT} ; then\n    if ! curl -s \"http://localhost:${RCT_METRO_PORT}/status\" | grep -q \"packager-status:running\" ; then\n      echo \"Port ${RCT_METRO_PORT} already in use, packager is either not running or not running correctly\"\n      exit 2\n    fi\n  else\n    open \"$SRCROOT/../node_modules/react-native/scripts/launchPackager.command\" || echo \"Can't start packager automatically\"\n  fi\nfi\n";
			showEnvVarsInLog = 0;
		};
/* End PBXShellScriptBuildPhase section */

/* Begin PBXSourcesBuildPhase section */
		13B07F871A680F5B00A75B9A /* Sources */ = {
			isa = PBXSourcesBuildPhase;
			buildActionMask = 2147483647;
			files = (
				13B07FBC1A68108700A75B9A /* AppDelegate.m in Sources */,
				8BBD199223101A90004E59C9 /* PdfPassword.m in Sources */,
				13B07FC11A68108700A75B9A /* main.m in Sources */,
				8B24F6432330BA8000CD8C30 /* ScreenRecordingDetector.m in Sources */,
			);
			runOnlyForDeploymentPostprocessing = 0;
		};
/* End PBXSourcesBuildPhase section */

/* Begin PBXVariantGroup section */
		13B07FB11A68108700A75B9A /* LaunchScreen.xib */ = {
			isa = PBXVariantGroup;
			children = (
				13B07FB21A68108700A75B9A /* Base */,
			);
			name = LaunchScreen.xib;
			path = HexaWallet;
			sourceTree = "<group>";
		};
/* End PBXVariantGroup section */

/* Begin XCBuildConfiguration section */
		13B07F941A680F5B00A75B9A /* Debug */ = {
			isa = XCBuildConfiguration;
			baseConfigurationReference = 8AEC10BA56E03DB34236F63B /* Pods-HexaWallet.debug.xcconfig */;
			buildSettings = {
				ARCHS = "$(ARCHS_STANDARD)";
				ASSETCATALOG_COMPILER_APPICON_NAME = AppIcon;
				CODE_SIGN_ENTITLEMENTS = HexaWallet/HexaWallet.entitlements;
				CURRENT_PROJECT_VERSION = 1;
				DEAD_CODE_STRIPPING = NO;
				DEVELOPMENT_TEAM = Y5TCB759QL;
				HEADER_SEARCH_PATHS = (
					"$(inherited)",
					"\"${PODS_ROOT}/Headers/Public\"",
					"\"${PODS_ROOT}/Headers/Public/BVLinearGradient\"",
					"\"${PODS_ROOT}/Headers/Public/DoubleConversion\"",
					"\"${PODS_ROOT}/Headers/Public/QrCode\"",
					"\"${PODS_ROOT}/Headers/Public/RCTSFSafariViewController\"",
					"\"${PODS_ROOT}/Headers/Public/RNBackgroundFetch\"",
					"\"${PODS_ROOT}/Headers/Public/RNCAsyncStorage\"",
					"\"${PODS_ROOT}/Headers/Public/RNDeviceInfo\"",
					"\"${PODS_ROOT}/Headers/Public/RNFS\"",
					"\"${PODS_ROOT}/Headers/Public/RNGestureHandler\"",
					"\"${PODS_ROOT}/Headers/Public/RNI18n\"",
					"\"${PODS_ROOT}/Headers/Public/RNKeychain\"",
					"\"${PODS_ROOT}/Headers/Public/RNReactNativePdfLib\"",
					"\"${PODS_ROOT}/Headers/Public/RNSVG\"",
					"\"${PODS_ROOT}/Headers/Public/RNShare\"",
					"\"${PODS_ROOT}/Headers/Public/RNSimpleShare\"",
					"\"${PODS_ROOT}/Headers/Public/RNVectorIcons\"",
					"\"${PODS_ROOT}/Headers/Public/React-Core\"",
					"\"${PODS_ROOT}/Headers/Public/React-DevSupport\"",
					"\"${PODS_ROOT}/Headers/Public/React-RCTActionSheet\"",
					"\"${PODS_ROOT}/Headers/Public/React-RCTAnimation\"",
					"\"${PODS_ROOT}/Headers/Public/React-RCTBlob\"",
					"\"${PODS_ROOT}/Headers/Public/React-RCTImage\"",
					"\"${PODS_ROOT}/Headers/Public/React-RCTLinking\"",
					"\"${PODS_ROOT}/Headers/Public/React-RCTNetwork\"",
					"\"${PODS_ROOT}/Headers/Public/React-RCTSettings\"",
					"\"${PODS_ROOT}/Headers/Public/React-RCTText\"",
					"\"${PODS_ROOT}/Headers/Public/React-RCTVibration\"",
					"\"${PODS_ROOT}/Headers/Public/React-RCTWebSocket\"",
					"\"${PODS_ROOT}/Headers/Public/React-cxxreact\"",
					"\"${PODS_ROOT}/Headers/Public/React-jsi\"",
					"\"${PODS_ROOT}/Headers/Public/React-jsiexecutor\"",
					"\"${PODS_ROOT}/Headers/Public/React-jsinspector\"",
					"\"${PODS_ROOT}/Headers/Public/ReactNativePermissions\"",
					"\"${PODS_ROOT}/Headers/Public/glog\"",
					"\"${PODS_ROOT}/Headers/Public/react-native-camera\"",
					"\"${PODS_ROOT}/Headers/Public/react-native-contacts\"",
					"\"${PODS_ROOT}/Headers/Public/react-native-image-picker\"",
					"\"${PODS_ROOT}/Headers/Public/react-native-mail\"",
					"\"${PODS_ROOT}/Headers/Public/react-native-randombytes\"",
					"\"${PODS_ROOT}/Headers/Public/react-native-safari-view\"",
					"\"${PODS_ROOT}/Headers/Public/react-native-sms\"",
					"\"${PODS_ROOT}/Headers/Public/react-native-sqlite-storage\"",
					"\"${PODS_ROOT}/Headers/Public/react-native-udp\"",
					"\"${PODS_ROOT}/Headers/Public/react-native-webview\"",
					"\"${PODS_ROOT}/Headers/Public/yoga\"",
					"$(SRCROOT)/../node_modules/react-native-browser/**",
					"$(SRCROOT)/../node_modules/react-native-privacy-snapshot/RCTPrivacySnapshot",
					"$(SRCROOT)/../node_modules/react-native-privacy-snapshot/RCTPrivacySnapshot",
				);
				INFOPLIST_FILE = HexaWallet/Info.plist;
				IPHONEOS_DEPLOYMENT_TARGET = 12.0;
				LD_RUNPATH_SEARCH_PATHS = "$(inherited) @executable_path/Frameworks";
				LIBRARY_SEARCH_PATHS = (
					"$(inherited)",
					"\"${PODS_CONFIGURATION_BUILD_DIR}/BVLinearGradient\"",
					"\"${PODS_CONFIGURATION_BUILD_DIR}/DoubleConversion\"",
					"\"${PODS_CONFIGURATION_BUILD_DIR}/Folly\"",
					"\"${PODS_CONFIGURATION_BUILD_DIR}/QrCode\"",
					"\"${PODS_CONFIGURATION_BUILD_DIR}/RCTSFSafariViewController\"",
					"\"${PODS_CONFIGURATION_BUILD_DIR}/RNBackgroundFetch\"",
					"\"${PODS_CONFIGURATION_BUILD_DIR}/RNCAsyncStorage\"",
					"\"${PODS_CONFIGURATION_BUILD_DIR}/RNDeviceInfo\"",
					"\"${PODS_CONFIGURATION_BUILD_DIR}/RNFS\"",
					"\"${PODS_CONFIGURATION_BUILD_DIR}/RNGestureHandler\"",
					"\"${PODS_CONFIGURATION_BUILD_DIR}/RNI18n\"",
					"\"${PODS_CONFIGURATION_BUILD_DIR}/RNKeychain\"",
					"\"${PODS_CONFIGURATION_BUILD_DIR}/RNSVG\"",
					"\"${PODS_CONFIGURATION_BUILD_DIR}/RNShare\"",
					"\"${PODS_CONFIGURATION_BUILD_DIR}/RNSimpleShare\"",
					"\"${PODS_CONFIGURATION_BUILD_DIR}/RNVectorIcons\"",
					"\"${PODS_CONFIGURATION_BUILD_DIR}/React-Core\"",
					"\"${PODS_CONFIGURATION_BUILD_DIR}/React-DevSupport\"",
					"\"${PODS_CONFIGURATION_BUILD_DIR}/React-RCTActionSheet\"",
					"\"${PODS_CONFIGURATION_BUILD_DIR}/React-RCTAnimation\"",
					"\"${PODS_CONFIGURATION_BUILD_DIR}/React-RCTBlob\"",
					"\"${PODS_CONFIGURATION_BUILD_DIR}/React-RCTImage\"",
					"\"${PODS_CONFIGURATION_BUILD_DIR}/React-RCTLinking\"",
					"\"${PODS_CONFIGURATION_BUILD_DIR}/React-RCTNetwork\"",
					"\"${PODS_CONFIGURATION_BUILD_DIR}/React-RCTSettings\"",
					"\"${PODS_CONFIGURATION_BUILD_DIR}/React-RCTText\"",
					"\"${PODS_CONFIGURATION_BUILD_DIR}/React-RCTVibration\"",
					"\"${PODS_CONFIGURATION_BUILD_DIR}/React-RCTWebSocket\"",
					"\"${PODS_CONFIGURATION_BUILD_DIR}/React-cxxreact\"",
					"\"${PODS_CONFIGURATION_BUILD_DIR}/React-jsi\"",
					"\"${PODS_CONFIGURATION_BUILD_DIR}/React-jsiexecutor\"",
					"\"${PODS_CONFIGURATION_BUILD_DIR}/React-jsinspector\"",
					"\"${PODS_CONFIGURATION_BUILD_DIR}/ReactNativePermissions\"",
					"\"${PODS_CONFIGURATION_BUILD_DIR}/glog\"",
					"\"${PODS_CONFIGURATION_BUILD_DIR}/react-native-camera\"",
					"\"${PODS_CONFIGURATION_BUILD_DIR}/react-native-contacts\"",
					"\"${PODS_CONFIGURATION_BUILD_DIR}/react-native-image-picker\"",
					"\"${PODS_CONFIGURATION_BUILD_DIR}/react-native-mail\"",
					"\"${PODS_CONFIGURATION_BUILD_DIR}/react-native-randombytes\"",
					"\"${PODS_CONFIGURATION_BUILD_DIR}/react-native-safari-view\"",
					"\"${PODS_CONFIGURATION_BUILD_DIR}/react-native-sms\"",
					"\"${PODS_CONFIGURATION_BUILD_DIR}/react-native-sqlite-storage\"",
					"\"${PODS_CONFIGURATION_BUILD_DIR}/react-native-udp\"",
					"\"${PODS_CONFIGURATION_BUILD_DIR}/react-native-webview\"",
					"\"${PODS_CONFIGURATION_BUILD_DIR}/yoga\"",
					"\"$(SRCROOT)/HexaWallet\"",
				);
				OTHER_LDFLAGS = (
					"$(inherited)",
					"-ObjC",
					"-lc++",
				);
				PRODUCT_BUNDLE_IDENTIFIER = com.bithyve.hexawallet;
				PRODUCT_NAME = HexaWallet;
				TARGETED_DEVICE_FAMILY = 1;
				VALID_ARCHS = "arm64 armv7 armv7s";
				VERSIONING_SYSTEM = "apple-generic";
			};
			name = Debug;
		};
		13B07F951A680F5B00A75B9A /* Release */ = {
			isa = XCBuildConfiguration;
			baseConfigurationReference = CC1F59C28DECB2843DDC0058 /* Pods-HexaWallet.release.xcconfig */;
			buildSettings = {
				ARCHS = "$(ARCHS_STANDARD)";
				ASSETCATALOG_COMPILER_APPICON_NAME = AppIcon;
				CODE_SIGN_ENTITLEMENTS = HexaWallet/HexaWallet.entitlements;
				CURRENT_PROJECT_VERSION = 1;
				DEAD_CODE_STRIPPING = YES;
				DEVELOPMENT_TEAM = Y5TCB759QL;
				HEADER_SEARCH_PATHS = (
					"$(inherited)",
					"\"${PODS_ROOT}/Headers/Public\"",
					"\"${PODS_ROOT}/Headers/Public/BVLinearGradient\"",
					"\"${PODS_ROOT}/Headers/Public/DoubleConversion\"",
					"\"${PODS_ROOT}/Headers/Public/QrCode\"",
					"\"${PODS_ROOT}/Headers/Public/RCTSFSafariViewController\"",
					"\"${PODS_ROOT}/Headers/Public/RNBackgroundFetch\"",
					"\"${PODS_ROOT}/Headers/Public/RNCAsyncStorage\"",
					"\"${PODS_ROOT}/Headers/Public/RNDeviceInfo\"",
					"\"${PODS_ROOT}/Headers/Public/RNFS\"",
					"\"${PODS_ROOT}/Headers/Public/RNGestureHandler\"",
					"\"${PODS_ROOT}/Headers/Public/RNI18n\"",
					"\"${PODS_ROOT}/Headers/Public/RNKeychain\"",
					"\"${PODS_ROOT}/Headers/Public/RNReactNativePdfLib\"",
					"\"${PODS_ROOT}/Headers/Public/RNSVG\"",
					"\"${PODS_ROOT}/Headers/Public/RNShare\"",
					"\"${PODS_ROOT}/Headers/Public/RNSimpleShare\"",
					"\"${PODS_ROOT}/Headers/Public/RNVectorIcons\"",
					"\"${PODS_ROOT}/Headers/Public/React-Core\"",
					"\"${PODS_ROOT}/Headers/Public/React-DevSupport\"",
					"\"${PODS_ROOT}/Headers/Public/React-RCTActionSheet\"",
					"\"${PODS_ROOT}/Headers/Public/React-RCTAnimation\"",
					"\"${PODS_ROOT}/Headers/Public/React-RCTBlob\"",
					"\"${PODS_ROOT}/Headers/Public/React-RCTImage\"",
					"\"${PODS_ROOT}/Headers/Public/React-RCTLinking\"",
					"\"${PODS_ROOT}/Headers/Public/React-RCTNetwork\"",
					"\"${PODS_ROOT}/Headers/Public/React-RCTSettings\"",
					"\"${PODS_ROOT}/Headers/Public/React-RCTText\"",
					"\"${PODS_ROOT}/Headers/Public/React-RCTVibration\"",
					"\"${PODS_ROOT}/Headers/Public/React-RCTWebSocket\"",
					"\"${PODS_ROOT}/Headers/Public/React-cxxreact\"",
					"\"${PODS_ROOT}/Headers/Public/React-jsi\"",
					"\"${PODS_ROOT}/Headers/Public/React-jsiexecutor\"",
					"\"${PODS_ROOT}/Headers/Public/React-jsinspector\"",
					"\"${PODS_ROOT}/Headers/Public/ReactNativePermissions\"",
					"\"${PODS_ROOT}/Headers/Public/glog\"",
					"\"${PODS_ROOT}/Headers/Public/react-native-camera\"",
					"\"${PODS_ROOT}/Headers/Public/react-native-contacts\"",
					"\"${PODS_ROOT}/Headers/Public/react-native-image-picker\"",
					"\"${PODS_ROOT}/Headers/Public/react-native-mail\"",
					"\"${PODS_ROOT}/Headers/Public/react-native-randombytes\"",
					"\"${PODS_ROOT}/Headers/Public/react-native-safari-view\"",
					"\"${PODS_ROOT}/Headers/Public/react-native-sms\"",
					"\"${PODS_ROOT}/Headers/Public/react-native-sqlite-storage\"",
					"\"${PODS_ROOT}/Headers/Public/react-native-udp\"",
					"\"${PODS_ROOT}/Headers/Public/react-native-webview\"",
					"\"${PODS_ROOT}/Headers/Public/yoga\"",
					"$(SRCROOT)/../node_modules/react-native-browser/**",
					"$(SRCROOT)/../node_modules/react-native-privacy-snapshot/RCTPrivacySnapshot",
					"$(SRCROOT)/../node_modules/react-native-privacy-snapshot/RCTPrivacySnapshot",
				);
				INFOPLIST_FILE = HexaWallet/Info.plist;
				IPHONEOS_DEPLOYMENT_TARGET = 12.0;
				LD_RUNPATH_SEARCH_PATHS = "$(inherited) @executable_path/Frameworks";
				LIBRARY_SEARCH_PATHS = (
					"$(inherited)",
					"\"${PODS_CONFIGURATION_BUILD_DIR}/BVLinearGradient\"",
					"\"${PODS_CONFIGURATION_BUILD_DIR}/DoubleConversion\"",
					"\"${PODS_CONFIGURATION_BUILD_DIR}/Folly\"",
					"\"${PODS_CONFIGURATION_BUILD_DIR}/QrCode\"",
					"\"${PODS_CONFIGURATION_BUILD_DIR}/RCTSFSafariViewController\"",
					"\"${PODS_CONFIGURATION_BUILD_DIR}/RNBackgroundFetch\"",
					"\"${PODS_CONFIGURATION_BUILD_DIR}/RNCAsyncStorage\"",
					"\"${PODS_CONFIGURATION_BUILD_DIR}/RNDeviceInfo\"",
					"\"${PODS_CONFIGURATION_BUILD_DIR}/RNFS\"",
					"\"${PODS_CONFIGURATION_BUILD_DIR}/RNGestureHandler\"",
					"\"${PODS_CONFIGURATION_BUILD_DIR}/RNI18n\"",
					"\"${PODS_CONFIGURATION_BUILD_DIR}/RNKeychain\"",
					"\"${PODS_CONFIGURATION_BUILD_DIR}/RNSVG\"",
					"\"${PODS_CONFIGURATION_BUILD_DIR}/RNShare\"",
					"\"${PODS_CONFIGURATION_BUILD_DIR}/RNSimpleShare\"",
					"\"${PODS_CONFIGURATION_BUILD_DIR}/RNVectorIcons\"",
					"\"${PODS_CONFIGURATION_BUILD_DIR}/React-Core\"",
					"\"${PODS_CONFIGURATION_BUILD_DIR}/React-DevSupport\"",
					"\"${PODS_CONFIGURATION_BUILD_DIR}/React-RCTActionSheet\"",
					"\"${PODS_CONFIGURATION_BUILD_DIR}/React-RCTAnimation\"",
					"\"${PODS_CONFIGURATION_BUILD_DIR}/React-RCTBlob\"",
					"\"${PODS_CONFIGURATION_BUILD_DIR}/React-RCTImage\"",
					"\"${PODS_CONFIGURATION_BUILD_DIR}/React-RCTLinking\"",
					"\"${PODS_CONFIGURATION_BUILD_DIR}/React-RCTNetwork\"",
					"\"${PODS_CONFIGURATION_BUILD_DIR}/React-RCTSettings\"",
					"\"${PODS_CONFIGURATION_BUILD_DIR}/React-RCTText\"",
					"\"${PODS_CONFIGURATION_BUILD_DIR}/React-RCTVibration\"",
					"\"${PODS_CONFIGURATION_BUILD_DIR}/React-RCTWebSocket\"",
					"\"${PODS_CONFIGURATION_BUILD_DIR}/React-cxxreact\"",
					"\"${PODS_CONFIGURATION_BUILD_DIR}/React-jsi\"",
					"\"${PODS_CONFIGURATION_BUILD_DIR}/React-jsiexecutor\"",
					"\"${PODS_CONFIGURATION_BUILD_DIR}/React-jsinspector\"",
					"\"${PODS_CONFIGURATION_BUILD_DIR}/ReactNativePermissions\"",
					"\"${PODS_CONFIGURATION_BUILD_DIR}/glog\"",
					"\"${PODS_CONFIGURATION_BUILD_DIR}/react-native-camera\"",
					"\"${PODS_CONFIGURATION_BUILD_DIR}/react-native-contacts\"",
					"\"${PODS_CONFIGURATION_BUILD_DIR}/react-native-image-picker\"",
					"\"${PODS_CONFIGURATION_BUILD_DIR}/react-native-mail\"",
					"\"${PODS_CONFIGURATION_BUILD_DIR}/react-native-randombytes\"",
					"\"${PODS_CONFIGURATION_BUILD_DIR}/react-native-safari-view\"",
					"\"${PODS_CONFIGURATION_BUILD_DIR}/react-native-sms\"",
					"\"${PODS_CONFIGURATION_BUILD_DIR}/react-native-sqlite-storage\"",
					"\"${PODS_CONFIGURATION_BUILD_DIR}/react-native-udp\"",
					"\"${PODS_CONFIGURATION_BUILD_DIR}/react-native-webview\"",
					"\"${PODS_CONFIGURATION_BUILD_DIR}/yoga\"",
					"\"$(SRCROOT)/HexaWallet\"",
				);
				ONLY_ACTIVE_ARCH = NO;
				OTHER_LDFLAGS = (
					"$(inherited)",
					"-ObjC",
					"-lc++",
				);
				PRODUCT_BUNDLE_IDENTIFIER = com.bithyve.hexawallet;
				PRODUCT_NAME = HexaWallet;
				TARGETED_DEVICE_FAMILY = 1;
				VALID_ARCHS = "arm64 armv7 armv7s";
				VERSIONING_SYSTEM = "apple-generic";
			};
			name = Release;
		};
		83CBBA201A601CBA00E9B192 /* Debug */ = {
			isa = XCBuildConfiguration;
			buildSettings = {
				ALWAYS_SEARCH_USER_PATHS = NO;
				CLANG_CXX_LANGUAGE_STANDARD = "gnu++0x";
				CLANG_CXX_LIBRARY = "libc++";
				CLANG_ENABLE_MODULES = YES;
				CLANG_ENABLE_OBJC_ARC = YES;
				CLANG_WARN_BLOCK_CAPTURE_AUTORELEASING = YES;
				CLANG_WARN_BOOL_CONVERSION = YES;
				CLANG_WARN_COMMA = YES;
				CLANG_WARN_CONSTANT_CONVERSION = YES;
				CLANG_WARN_DEPRECATED_OBJC_IMPLEMENTATIONS = YES;
				CLANG_WARN_DIRECT_OBJC_ISA_USAGE = YES_ERROR;
				CLANG_WARN_EMPTY_BODY = YES;
				CLANG_WARN_ENUM_CONVERSION = YES;
				CLANG_WARN_INFINITE_RECURSION = YES;
				CLANG_WARN_INT_CONVERSION = YES;
				CLANG_WARN_NON_LITERAL_NULL_CONVERSION = YES;
				CLANG_WARN_OBJC_IMPLICIT_RETAIN_SELF = YES;
				CLANG_WARN_OBJC_LITERAL_CONVERSION = YES;
				CLANG_WARN_OBJC_ROOT_CLASS = YES_ERROR;
				CLANG_WARN_RANGE_LOOP_ANALYSIS = YES;
				CLANG_WARN_STRICT_PROTOTYPES = YES;
				CLANG_WARN_SUSPICIOUS_MOVE = YES;
				CLANG_WARN_UNREACHABLE_CODE = YES;
				CLANG_WARN__DUPLICATE_METHOD_MATCH = YES;
				"CODE_SIGN_IDENTITY[sdk=iphoneos*]" = "iPhone Developer";
				COPY_PHASE_STRIP = NO;
				ENABLE_STRICT_OBJC_MSGSEND = YES;
				ENABLE_TESTABILITY = YES;
				GCC_C_LANGUAGE_STANDARD = gnu99;
				GCC_DYNAMIC_NO_PIC = NO;
				GCC_NO_COMMON_BLOCKS = YES;
				GCC_OPTIMIZATION_LEVEL = 0;
				GCC_PREPROCESSOR_DEFINITIONS = (
					"DEBUG=1",
					"$(inherited)",
				);
				GCC_SYMBOLS_PRIVATE_EXTERN = NO;
				GCC_WARN_64_TO_32_BIT_CONVERSION = YES;
				GCC_WARN_ABOUT_RETURN_TYPE = YES_ERROR;
				GCC_WARN_UNDECLARED_SELECTOR = YES;
				GCC_WARN_UNINITIALIZED_AUTOS = YES_AGGRESSIVE;
				GCC_WARN_UNUSED_FUNCTION = YES;
				GCC_WARN_UNUSED_VARIABLE = YES;
				INFOPLIST_OTHER_PREPROCESSOR_FLAGS = "-traditional";
				INFOPLIST_PREFIX_HEADER = "${BUILD_DIR}/GeneratedInfoPlistDotEnv.h";
				INFOPLIST_PREPROCESS = YES;
				IPHONEOS_DEPLOYMENT_TARGET = 9.0;
				MTL_ENABLE_DEBUG_INFO = YES;
				ONLY_ACTIVE_ARCH = YES;
				SDKROOT = iphoneos;
			};
			name = Debug;
		};
		83CBBA211A601CBA00E9B192 /* Release */ = {
			isa = XCBuildConfiguration;
			buildSettings = {
				ALWAYS_SEARCH_USER_PATHS = NO;
				CLANG_CXX_LANGUAGE_STANDARD = "gnu++0x";
				CLANG_CXX_LIBRARY = "libc++";
				CLANG_ENABLE_MODULES = YES;
				CLANG_ENABLE_OBJC_ARC = YES;
				CLANG_WARN_BLOCK_CAPTURE_AUTORELEASING = YES;
				CLANG_WARN_BOOL_CONVERSION = YES;
				CLANG_WARN_COMMA = YES;
				CLANG_WARN_CONSTANT_CONVERSION = YES;
				CLANG_WARN_DEPRECATED_OBJC_IMPLEMENTATIONS = YES;
				CLANG_WARN_DIRECT_OBJC_ISA_USAGE = YES_ERROR;
				CLANG_WARN_EMPTY_BODY = YES;
				CLANG_WARN_ENUM_CONVERSION = YES;
				CLANG_WARN_INFINITE_RECURSION = YES;
				CLANG_WARN_INT_CONVERSION = YES;
				CLANG_WARN_NON_LITERAL_NULL_CONVERSION = YES;
				CLANG_WARN_OBJC_IMPLICIT_RETAIN_SELF = YES;
				CLANG_WARN_OBJC_LITERAL_CONVERSION = YES;
				CLANG_WARN_OBJC_ROOT_CLASS = YES_ERROR;
				CLANG_WARN_RANGE_LOOP_ANALYSIS = YES;
				CLANG_WARN_STRICT_PROTOTYPES = YES;
				CLANG_WARN_SUSPICIOUS_MOVE = YES;
				CLANG_WARN_UNREACHABLE_CODE = YES;
				CLANG_WARN__DUPLICATE_METHOD_MATCH = YES;
				"CODE_SIGN_IDENTITY[sdk=iphoneos*]" = "iPhone Developer";
				COPY_PHASE_STRIP = YES;
				ENABLE_NS_ASSERTIONS = NO;
				ENABLE_STRICT_OBJC_MSGSEND = YES;
				GCC_C_LANGUAGE_STANDARD = gnu99;
				GCC_NO_COMMON_BLOCKS = YES;
				GCC_WARN_64_TO_32_BIT_CONVERSION = YES;
				GCC_WARN_ABOUT_RETURN_TYPE = YES_ERROR;
				GCC_WARN_UNDECLARED_SELECTOR = YES;
				GCC_WARN_UNINITIALIZED_AUTOS = YES_AGGRESSIVE;
				GCC_WARN_UNUSED_FUNCTION = YES;
				GCC_WARN_UNUSED_VARIABLE = YES;
				INFOPLIST_OTHER_PREPROCESSOR_FLAGS = "-traditional";
				INFOPLIST_PREFIX_HEADER = "${BUILD_DIR}/GeneratedInfoPlistDotEnv.h";
				INFOPLIST_PREPROCESS = YES;
				IPHONEOS_DEPLOYMENT_TARGET = 9.0;
				MTL_ENABLE_DEBUG_INFO = NO;
				SDKROOT = iphoneos;
				VALIDATE_PRODUCT = YES;
			};
			name = Release;
		};
/* End XCBuildConfiguration section */

/* Begin XCConfigurationList section */
		13B07F931A680F5B00A75B9A /* Build configuration list for PBXNativeTarget "HexaWallet" */ = {
			isa = XCConfigurationList;
			buildConfigurations = (
				13B07F941A680F5B00A75B9A /* Debug */,
				13B07F951A680F5B00A75B9A /* Release */,
			);
			defaultConfigurationIsVisible = 0;
			defaultConfigurationName = Release;
		};
		83CBB9FA1A601CBA00E9B192 /* Build configuration list for PBXProject "HexaWallet" */ = {
			isa = XCConfigurationList;
			buildConfigurations = (
				83CBBA201A601CBA00E9B192 /* Debug */,
				83CBBA211A601CBA00E9B192 /* Release */,
			);
			defaultConfigurationIsVisible = 0;
			defaultConfigurationName = Release;
		};
/* End XCConfigurationList section */
	};
	rootObject = 83CBB9F71A601CBA00E9B192 /* Project object */;
}
