{
  "pins" : [
    {
      "identity" : "bdk-swift",
      "kind" : "remoteSourceControl",
      "location" : "https://github.com/bitcoindevkit/bdk-swift",
      "state" : {
        "revision" : "9c69d6255c251ba606e7aad94969c8d24b0ea344"
      }
    },
    {
      "identity" : "rgb-lib-swift",
      "kind" : "remoteSourceControl",
      "location" : "https://github.com/RGB-Tools/rgb-lib-swift",
      "state" : {
        "revision" : "d4c157cd9d421deba80b1a6991d8e38c41c19ef9"
      }
    }
  ],
  "version" : 2
}
